
Microsoft Visual Studio Solution File, Format Version 12.00
# Visual Studio Version 17
Project("{8BC9CEB8-8B4A-11D0-8D11-00A0C91BC942}") = "ALL_BUILD", "ALL_BUILD.vcxproj", "{BAC8E9B5-EAF9-33D3-8FA1-36944E5306B2}"
	ProjectSection(ProjectDependencies) = postProject
		{D102CB35-F4F0-30D7-BA28-5B8E8D070E48} = {D102CB35-F4F0-30D7-BA28-5B8E8D070E48}
		{44FA4661-107E-39FC-8E5D-5BA40337EBD6} = {44FA4661-107E-39FC-8E5D-5BA40337EBD6}
		{129AD3A2-151C-3C3F-9584-000252C6336C} = {129AD3A2-151C-3C3F-9584-000252C6336C}
		{A899DB27-E31A-3E12-A792-B162D9815EC8} = {A899DB27-E31A-3E12-A792-B162D9815EC8}
		{52F91B81-F01F-3758-BBE6-AA626BCF78C3} = {52F91B81-F01F-3758-BBE6-AA626BCF78C3}
		{9DFA15F3-73C6-306C-B2E0-18FE7D82DA60} = {9DFA15F3-73C6-306C-B2E0-18FE7D82DA60}
		{020CCAEA-D7B1-3358-8E9B-BD1DD7C60C48} = {020CCAEA-D7B1-3358-8E9B-BD1DD7C60C48}
		{30E7B25B-79A5-3E0E-AE9E-497FA20C8F1D} = {30E7B25B-79A5-3E0E-AE9E-497FA20C8F1D}
		{F5A1A73E-3453-3039-A7F8-0794593B189A} = {F5A1A73E-3453-3039-A7F8-0794593B189A}
		{468D5358-B45B-3350-9B90-040712EAAB87} = {468D5358-B45B-3350-9B90-040712EAAB87}
		{585A5861-6E2F-33E6-9E01-4F4AEB265B0D} = {585A5861-6E2F-33E6-9E01-4F4AEB265B0D}
		{97FD0BC7-C3E0-3370-A5EB-4D24156FF488} = {97FD0BC7-C3E0-3370-A5EB-4D24156FF488}
		{906FA16C-8C79-373F-858C-660A1272AD1D} = {906FA16C-8C79-373F-858C-660A1272AD1D}
		{0A302EEC-92AE-3D14-BCD1-42DF939D3B74} = {0A302EEC-92AE-3D14-BCD1-42DF939D3B74}
		{13BAC139-FCE9-3D43-8001-68B25D92B35B} = {13BAC139-FCE9-3D43-8001-68B25D92B35B}
		{49EAE493-F388-31C4-9DBA-8AA044F6204C} = {49EAE493-F388-31C4-9DBA-8AA044F6204C}
		{AB83F31A-0F03-3395-B5DD-C530C5094B27} = {AB83F31A-0F03-3395-B5DD-C530C5094B27}
		{0F5B860D-5086-3C47-ACA6-29166168BE1F} = {0F5B860D-5086-3C47-ACA6-29166168BE1F}
		{71A2E327-2223-3FCA-8535-602F7961D0BD} = {71A2E327-2223-3FCA-8535-602F7961D0BD}
		{D699E17A-DC58-396C-BE4C-201026239DE0} = {D699E17A-DC58-396C-BE4C-201026239DE0}
		{930F4A96-0263-38E8-9F66-2430E2E2D534} = {930F4A96-0263-38E8-9F66-2430E2E2D534}
		{426D7760-983A-367C-B5A3-77D64F794F7E} = {426D7760-983A-367C-B5A3-77D64F794F7E}
		{AA9CC826-4F29-36AB-AA91-87BBB965A44D} = {AA9CC826-4F29-36AB-AA91-87BBB965A44D}
		{3A9B2255-9F23-33E8-8E13-9271F7F26CC5} = {3A9B2255-9F23-33E8-8E13-9271F7F26CC5}
		{88EC2691-4932-3F74-BD50-4CA537C7B75F} = {88EC2691-4932-3F74-BD50-4CA537C7B75F}
		{51713C5E-34F6-3DAC-9E59-CE57C9C9258C} = {51713C5E-34F6-3DAC-9E59-CE57C9C9258C}
		{71AA94B2-67A6-376B-A7C3-4C53EB0488CD} = {71AA94B2-67A6-376B-A7C3-4C53EB0488CD}
		{65597813-A9BE-3F3F-B23A-16B617BFA8DD} = {65597813-A9BE-3F3F-B23A-16B617BFA8DD}
		{92CA1354-BB77-3810-9F7A-535BD3A99DAE} = {92CA1354-BB77-3810-9F7A-535BD3A99DAE}
		{95C74B41-D095-3ECE-A29E-8C93C0973122} = {95C74B41-D095-3ECE-A29E-8C93C0973122}
		{179D26B7-91A0-3497-9E6D-5F56BCED0668} = {179D26B7-91A0-3497-9E6D-5F56BCED0668}
		{E9AEA173-8D73-32E0-AE5A-72CFC1216FF3} = {E9AEA173-8D73-32E0-AE5A-72CFC1216FF3}
		{F9231913-2865-3AF7-A9F9-55E05320D7BE} = {F9231913-2865-3AF7-A9F9-55E05320D7BE}
		{35918705-C425-3EF3-9651-61B7ADB195A6} = {35918705-C425-3EF3-9651-61B7ADB195A6}
		{82681C7E-805B-39C4-84D4-64F992888333} = {82681C7E-805B-39C4-84D4-64F992888333}
		{6EABBB4F-7533-378C-8E27-42B9169F0CE8} = {6EABBB4F-7533-378C-8E27-42B9169F0CE8}
		{C3F8830A-94F6-31EF-94AB-FC78E4AD4B9A} = {C3F8830A-94F6-31EF-94AB-FC78E4AD4B9A}
		{A32C03A7-E0E1-395B-8036-2AA9E8F4828F} = {A32C03A7-E0E1-395B-8036-2AA9E8F4828F}
		{B8F5665A-E291-316B-899B-E589389AFBE8} = {B8F5665A-E291-316B-899B-E589389AFBE8}
		{DFBFB2F7-1202-3EE4-AF1F-07601C0D15CC} = {DFBFB2F7-1202-3EE4-AF1F-07601C0D15CC}
		{F5E761EA-A1EE-3230-A3BD-BAC13CFE84F7} = {F5E761EA-A1EE-3230-A3BD-BAC13CFE84F7}
		{CB3D603C-2195-3C9B-BF9E-2E3C2AA35F34} = {CB3D603C-2195-3C9B-BF9E-2E3C2AA35F34}
		{0F759737-A86D-3129-8A41-C5609A812FC4} = {0F759737-A86D-3129-8A41-C5609A812FC4}
		{D369D216-B836-382A-9641-29379B0485AC} = {D369D216-B836-382A-9641-29379B0485AC}
		{91EE1914-D33C-37C4-927E-182079ABC642} = {91EE1914-D33C-37C4-927E-182079ABC642}
		{0AEC5773-98D6-342E-9B52-CB8A17D006CB} = {0AEC5773-98D6-342E-9B52-CB8A17D006CB}
		{8F6B6E3E-8D41-302F-AE06-FD2109FF2F4B} = {8F6B6E3E-8D41-302F-AE06-FD2109FF2F4B}
		{1B434E26-B086-3D19-91D1-2F1465D60D46} = {1B434E26-B086-3D19-91D1-2F1465D60D46}
		{1832C854-E0B4-3782-BAA4-21F7446E012E} = {1832C854-E0B4-3782-BAA4-21F7446E012E}
		{B4707324-C9B2-327D-8C40-F1246B0152B4} = {B4707324-C9B2-327D-8C40-F1246B0152B4}
		{18BA6027-88F2-3B5D-9904-6330FFB96E02} = {18BA6027-88F2-3B5D-9904-6330FFB96E02}
		{8713F307-53D3-3286-9FC8-BF3BC12DF7F3} = {8713F307-53D3-3286-9FC8-BF3BC12DF7F3}
	EndProjectSection
EndProject
Project("{6989167D-11E4-40FE-8C1A-2192A86A7E90}") = "F77_tests_pres_temp_4D_rd", "examples\F77\F77_tests_pres_temp_4D_rd.vfproj", "{D102CB35-F4F0-30D7-BA28-5B8E8D070E48}"
	ProjectSection(ProjectDependencies) = postProject
		{906FA16C-8C79-373F-858C-660A1272AD1D} = {906FA16C-8C79-373F-858C-660A1272AD1D}
		{91EE1914-D33C-37C4-927E-182079ABC642} = {91EE1914-D33C-37C4-927E-182079ABC642}
		{0AEC5773-98D6-342E-9B52-CB8A17D006CB} = {0AEC5773-98D6-342E-9B52-CB8A17D006CB}
	EndProjectSection
EndProject
Project("{6989167D-11E4-40FE-8C1A-2192A86A7E90}") = "F77_tests_pres_temp_4D_wr", "examples\F77\F77_tests_pres_temp_4D_wr.vfproj", "{44FA4661-107E-39FC-8E5D-5BA40337EBD6}"
	ProjectSection(ProjectDependencies) = postProject
		{906FA16C-8C79-373F-858C-660A1272AD1D} = {906FA16C-8C79-373F-858C-660A1272AD1D}
		{91EE1914-D33C-37C4-927E-182079ABC642} = {91EE1914-D33C-37C4-927E-182079ABC642}
		{0AEC5773-98D6-342E-9B52-CB8A17D006CB} = {0AEC5773-98D6-342E-9B52-CB8A17D006CB}
	EndProjectSection
EndProject
Project("{6989167D-11E4-40FE-8C1A-2192A86A7E90}") = "F77_tests_sfc_pres_temp_rd", "examples\F77\F77_tests_sfc_pres_temp_rd.vfproj", "{129AD3A2-151C-3C3F-9584-000252C6336C}"
	ProjectSection(ProjectDependencies) = postProject
		{906FA16C-8C79-373F-858C-660A1272AD1D} = {906FA16C-8C79-373F-858C-660A1272AD1D}
		{91EE1914-D33C-37C4-927E-182079ABC642} = {91EE1914-D33C-37C4-927E-182079ABC642}
		{0AEC5773-98D6-342E-9B52-CB8A17D006CB} = {0AEC5773-98D6-342E-9B52-CB8A17D006CB}
	EndProjectSection
EndProject
Project("{6989167D-11E4-40FE-8C1A-2192A86A7E90}") = "F77_tests_sfc_pres_temp_wr", "examples\F77\F77_tests_sfc_pres_temp_wr.vfproj", "{A899DB27-E31A-3E12-A792-B162D9815EC8}"
	ProjectSection(ProjectDependencies) = postProject
		{906FA16C-8C79-373F-858C-660A1272AD1D} = {906FA16C-8C79-373F-858C-660A1272AD1D}
		{91EE1914-D33C-37C4-927E-182079ABC642} = {91EE1914-D33C-37C4-927E-182079ABC642}
		{0AEC5773-98D6-342E-9B52-CB8A17D006CB} = {0AEC5773-98D6-342E-9B52-CB8A17D006CB}
	EndProjectSection
EndProject
Project("{6989167D-11E4-40FE-8C1A-2192A86A7E90}") = "F77_tests_simple_xy_rd", "examples\F77\F77_tests_simple_xy_rd.vfproj", "{52F91B81-F01F-3758-BBE6-AA626BCF78C3}"
	ProjectSection(ProjectDependencies) = postProject
		{906FA16C-8C79-373F-858C-660A1272AD1D} = {906FA16C-8C79-373F-858C-660A1272AD1D}
		{91EE1914-D33C-37C4-927E-182079ABC642} = {91EE1914-D33C-37C4-927E-182079ABC642}
		{0AEC5773-98D6-342E-9B52-CB8A17D006CB} = {0AEC5773-98D6-342E-9B52-CB8A17D006CB}
	EndProjectSection
EndProject
Project("{6989167D-11E4-40FE-8C1A-2192A86A7E90}") = "F77_tests_simple_xy_wr", "examples\F77\F77_tests_simple_xy_wr.vfproj", "{9DFA15F3-73C6-306C-B2E0-18FE7D82DA60}"
	ProjectSection(ProjectDependencies) = postProject
		{906FA16C-8C79-373F-858C-660A1272AD1D} = {906FA16C-8C79-373F-858C-660A1272AD1D}
		{91EE1914-D33C-37C4-927E-182079ABC642} = {91EE1914-D33C-37C4-927E-182079ABC642}
		{0AEC5773-98D6-342E-9B52-CB8A17D006CB} = {0AEC5773-98D6-342E-9B52-CB8A17D006CB}
	EndProjectSection
EndProject
Project("{6989167D-11E4-40FE-8C1A-2192A86A7E90}") = "F90_tests_pres_temp_4D_rd", "examples\F90\F90_tests_pres_temp_4D_rd.vfproj", "{020CCAEA-D7B1-3358-8E9B-BD1DD7C60C48}"
	ProjectSection(ProjectDependencies) = postProject
		{906FA16C-8C79-373F-858C-660A1272AD1D} = {906FA16C-8C79-373F-858C-660A1272AD1D}
		{91EE1914-D33C-37C4-927E-182079ABC642} = {91EE1914-D33C-37C4-927E-182079ABC642}
		{0AEC5773-98D6-342E-9B52-CB8A17D006CB} = {0AEC5773-98D6-342E-9B52-CB8A17D006CB}
	EndProjectSection
EndProject
Project("{6989167D-11E4-40FE-8C1A-2192A86A7E90}") = "F90_tests_pres_temp_4D_wr", "examples\F90\F90_tests_pres_temp_4D_wr.vfproj", "{30E7B25B-79A5-3E0E-AE9E-497FA20C8F1D}"
	ProjectSection(ProjectDependencies) = postProject
		{906FA16C-8C79-373F-858C-660A1272AD1D} = {906FA16C-8C79-373F-858C-660A1272AD1D}
		{91EE1914-D33C-37C4-927E-182079ABC642} = {91EE1914-D33C-37C4-927E-182079ABC642}
		{0AEC5773-98D6-342E-9B52-CB8A17D006CB} = {0AEC5773-98D6-342E-9B52-CB8A17D006CB}
	EndProjectSection
EndProject
Project("{6989167D-11E4-40FE-8C1A-2192A86A7E90}") = "F90_tests_sfc_pres_temp_rd", "examples\F90\F90_tests_sfc_pres_temp_rd.vfproj", "{F5A1A73E-3453-3039-A7F8-0794593B189A}"
	ProjectSection(ProjectDependencies) = postProject
		{906FA16C-8C79-373F-858C-660A1272AD1D} = {906FA16C-8C79-373F-858C-660A1272AD1D}
		{91EE1914-D33C-37C4-927E-182079ABC642} = {91EE1914-D33C-37C4-927E-182079ABC642}
		{0AEC5773-98D6-342E-9B52-CB8A17D006CB} = {0AEC5773-98D6-342E-9B52-CB8A17D006CB}
	EndProjectSection
EndProject
Project("{6989167D-11E4-40FE-8C1A-2192A86A7E90}") = "F90_tests_sfc_pres_temp_wr", "examples\F90\F90_tests_sfc_pres_temp_wr.vfproj", "{468D5358-B45B-3350-9B90-040712EAAB87}"
	ProjectSection(ProjectDependencies) = postProject
		{906FA16C-8C79-373F-858C-660A1272AD1D} = {906FA16C-8C79-373F-858C-660A1272AD1D}
		{91EE1914-D33C-37C4-927E-182079ABC642} = {91EE1914-D33C-37C4-927E-182079ABC642}
		{0AEC5773-98D6-342E-9B52-CB8A17D006CB} = {0AEC5773-98D6-342E-9B52-CB8A17D006CB}
	EndProjectSection
EndProject
Project("{6989167D-11E4-40FE-8C1A-2192A86A7E90}") = "F90_tests_simple_xy_rd", "examples\F90\F90_tests_simple_xy_rd.vfproj", "{585A5861-6E2F-33E6-9E01-4F4AEB265B0D}"
	ProjectSection(ProjectDependencies) = postProject
		{906FA16C-8C79-373F-858C-660A1272AD1D} = {906FA16C-8C79-373F-858C-660A1272AD1D}
		{91EE1914-D33C-37C4-927E-182079ABC642} = {91EE1914-D33C-37C4-927E-182079ABC642}
		{0AEC5773-98D6-342E-9B52-CB8A17D006CB} = {0AEC5773-98D6-342E-9B52-CB8A17D006CB}
	EndProjectSection
EndProject
Project("{6989167D-11E4-40FE-8C1A-2192A86A7E90}") = "F90_tests_simple_xy_wr", "examples\F90\F90_tests_simple_xy_wr.vfproj", "{97FD0BC7-C3E0-3370-A5EB-4D24156FF488}"
	ProjectSection(ProjectDependencies) = postProject
		{906FA16C-8C79-373F-858C-660A1272AD1D} = {906FA16C-8C79-373F-858C-660A1272AD1D}
		{91EE1914-D33C-37C4-927E-182079ABC642} = {91EE1914-D33C-37C4-927E-182079ABC642}
		{0AEC5773-98D6-342E-9B52-CB8A17D006CB} = {0AEC5773-98D6-342E-9B52-CB8A17D006CB}
	EndProjectSection
EndProject
Project("{8BC9CEB8-8B4A-11D0-8D11-00A0C91BC942}") = "INSTALL", "INSTALL.vcxproj", "{E2A6B813-5EF1-30AF-B96F-3C80EAE6D101}"
	ProjectSection(ProjectDependencies) = postProject
		{BAC8E9B5-EAF9-33D3-8FA1-36944E5306B2} = {BAC8E9B5-EAF9-33D3-8FA1-36944E5306B2}
		{906FA16C-8C79-373F-858C-660A1272AD1D} = {906FA16C-8C79-373F-858C-660A1272AD1D}
	EndProjectSection
EndProject
Project("{8BC9CEB8-8B4A-11D0-8D11-00A0C91BC942}") = "RUN_TESTS", "RUN_TESTS.vcxproj", "{BB470623-30CF-3EF9-B7C4-38764CF83147}"
	ProjectSection(ProjectDependencies) = postProject
		{906FA16C-8C79-373F-858C-660A1272AD1D} = {906FA16C-8C79-373F-858C-660A1272AD1D}
	EndProjectSection
EndProject
Project("{8BC9CEB8-8B4A-11D0-8D11-00A0C91BC942}") = "ZERO_CHECK", "ZERO_CHECK.vcxproj", "{906FA16C-8C79-373F-858C-660A1272AD1D}"
	ProjectSection(ProjectDependencies) = postProject
	EndProjectSection
EndProject
Project("{6989167D-11E4-40FE-8C1A-2192A86A7E90}") = "f03tst_open_mem", "nf_test4\f03tst_open_mem.vfproj", "{0A302EEC-92AE-3D14-BCD1-42DF939D3B74}"
	ProjectSection(ProjectDependencies) = postProject
		{906FA16C-8C79-373F-858C-660A1272AD1D} = {906FA16C-8C79-373F-858C-660A1272AD1D}
		{91EE1914-D33C-37C4-927E-182079ABC642} = {91EE1914-D33C-37C4-927E-182079ABC642}
		{0AEC5773-98D6-342E-9B52-CB8A17D006CB} = {0AEC5773-98D6-342E-9B52-CB8A17D006CB}
	EndProjectSection
EndProject
Project("{6989167D-11E4-40FE-8C1A-2192A86A7E90}") = "f90tst_fill", "nf03_test4\f90tst_fill.vfproj", "{13BAC139-FCE9-3D43-8001-68B25D92B35B}"
	ProjectSection(ProjectDependencies) = postProject
		{906FA16C-8C79-373F-858C-660A1272AD1D} = {906FA16C-8C79-373F-858C-660A1272AD1D}
		{91EE1914-D33C-37C4-927E-182079ABC642} = {91EE1914-D33C-37C4-927E-182079ABC642}
		{0AEC5773-98D6-342E-9B52-CB8A17D006CB} = {0AEC5773-98D6-342E-9B52-CB8A17D006CB}
	EndProjectSection
EndProject
Project("{6989167D-11E4-40FE-8C1A-2192A86A7E90}") = "f90tst_fill2", "nf03_test4\f90tst_fill2.vfproj", "{49EAE493-F388-31C4-9DBA-8AA044F6204C}"
	ProjectSection(ProjectDependencies) = postProject
		{906FA16C-8C79-373F-858C-660A1272AD1D} = {906FA16C-8C79-373F-858C-660A1272AD1D}
		{91EE1914-D33C-37C4-927E-182079ABC642} = {91EE1914-D33C-37C4-927E-182079ABC642}
		{0AEC5773-98D6-342E-9B52-CB8A17D006CB} = {0AEC5773-98D6-342E-9B52-CB8A17D006CB}
	EndProjectSection
EndProject
Project("{6989167D-11E4-40FE-8C1A-2192A86A7E90}") = "f90tst_grps", "nf03_test4\f90tst_grps.vfproj", "{AB83F31A-0F03-3395-B5DD-C530C5094B27}"
	ProjectSection(ProjectDependencies) = postProject
		{906FA16C-8C79-373F-858C-660A1272AD1D} = {906FA16C-8C79-373F-858C-660A1272AD1D}
		{91EE1914-D33C-37C4-927E-182079ABC642} = {91EE1914-D33C-37C4-927E-182079ABC642}
		{0AEC5773-98D6-342E-9B52-CB8A17D006CB} = {0AEC5773-98D6-342E-9B52-CB8A17D006CB}
	EndProjectSection
EndProject
Project("{6989167D-11E4-40FE-8C1A-2192A86A7E90}") = "f90tst_nc4", "nf03_test4\f90tst_nc4.vfproj", "{0F5B860D-5086-3C47-ACA6-29166168BE1F}"
	ProjectSection(ProjectDependencies) = postProject
		{906FA16C-8C79-373F-858C-660A1272AD1D} = {906FA16C-8C79-373F-858C-660A1272AD1D}
		{91EE1914-D33C-37C4-927E-182079ABC642} = {91EE1914-D33C-37C4-927E-182079ABC642}
		{0AEC5773-98D6-342E-9B52-CB8A17D006CB} = {0AEC5773-98D6-342E-9B52-CB8A17D006CB}
	EndProjectSection
EndProject
Project("{6989167D-11E4-40FE-8C1A-2192A86A7E90}") = "f90tst_path", "nf03_test4\f90tst_path.vfproj", "{71A2E327-2223-3FCA-8535-602F7961D0BD}"
	ProjectSection(ProjectDependencies) = postProject
		{906FA16C-8C79-373F-858C-660A1272AD1D} = {906FA16C-8C79-373F-858C-660A1272AD1D}
		{91EE1914-D33C-37C4-927E-182079ABC642} = {91EE1914-D33C-37C4-927E-182079ABC642}
		{0AEC5773-98D6-342E-9B52-CB8A17D006CB} = {0AEC5773-98D6-342E-9B52-CB8A17D006CB}
	EndProjectSection
EndProject
Project("{6989167D-11E4-40FE-8C1A-2192A86A7E90}") = "f90tst_rengrps", "nf03_test4\f90tst_rengrps.vfproj", "{D699E17A-DC58-396C-BE4C-201026239DE0}"
	ProjectSection(ProjectDependencies) = postProject
		{906FA16C-8C79-373F-858C-660A1272AD1D} = {906FA16C-8C79-373F-858C-660A1272AD1D}
		{91EE1914-D33C-37C4-927E-182079ABC642} = {91EE1914-D33C-37C4-927E-182079ABC642}
		{0AEC5773-98D6-342E-9B52-CB8A17D006CB} = {0AEC5773-98D6-342E-9B52-CB8A17D006CB}
	EndProjectSection
EndProject
Project("{6989167D-11E4-40FE-8C1A-2192A86A7E90}") = "f90tst_types", "nf03_test4\f90tst_types.vfproj", "{930F4A96-0263-38E8-9F66-2430E2E2D534}"
	ProjectSection(ProjectDependencies) = postProject
		{906FA16C-8C79-373F-858C-660A1272AD1D} = {906FA16C-8C79-373F-858C-660A1272AD1D}
		{91EE1914-D33C-37C4-927E-182079ABC642} = {91EE1914-D33C-37C4-927E-182079ABC642}
		{0AEC5773-98D6-342E-9B52-CB8A17D006CB} = {0AEC5773-98D6-342E-9B52-CB8A17D006CB}
	EndProjectSection
EndProject
Project("{6989167D-11E4-40FE-8C1A-2192A86A7E90}") = "f90tst_types2", "nf03_test4\f90tst_types2.vfproj", "{426D7760-983A-367C-B5A3-77D64F794F7E}"
	ProjectSection(ProjectDependencies) = postProject
		{906FA16C-8C79-373F-858C-660A1272AD1D} = {906FA16C-8C79-373F-858C-660A1272AD1D}
		{91EE1914-D33C-37C4-927E-182079ABC642} = {91EE1914-D33C-37C4-927E-182079ABC642}
		{0AEC5773-98D6-342E-9B52-CB8A17D006CB} = {0AEC5773-98D6-342E-9B52-CB8A17D006CB}
	EndProjectSection
EndProject
Project("{6989167D-11E4-40FE-8C1A-2192A86A7E90}") = "f90tst_vars", "nf03_test4\f90tst_vars.vfproj", "{AA9CC826-4F29-36AB-AA91-87BBB965A44D}"
	ProjectSection(ProjectDependencies) = postProject
		{906FA16C-8C79-373F-858C-660A1272AD1D} = {906FA16C-8C79-373F-858C-660A1272AD1D}
		{91EE1914-D33C-37C4-927E-182079ABC642} = {91EE1914-D33C-37C4-927E-182079ABC642}
		{0AEC5773-98D6-342E-9B52-CB8A17D006CB} = {0AEC5773-98D6-342E-9B52-CB8A17D006CB}
	EndProjectSection
EndProject
Project("{6989167D-11E4-40FE-8C1A-2192A86A7E90}") = "f90tst_vars2", "nf03_test4\f90tst_vars2.vfproj", "{3A9B2255-9F23-33E8-8E13-9271F7F26CC5}"
	ProjectSection(ProjectDependencies) = postProject
		{906FA16C-8C79-373F-858C-660A1272AD1D} = {906FA16C-8C79-373F-858C-660A1272AD1D}
		{91EE1914-D33C-37C4-927E-182079ABC642} = {91EE1914-D33C-37C4-927E-182079ABC642}
		{0AEC5773-98D6-342E-9B52-CB8A17D006CB} = {0AEC5773-98D6-342E-9B52-CB8A17D006CB}
	EndProjectSection
EndProject
Project("{6989167D-11E4-40FE-8C1A-2192A86A7E90}") = "f90tst_vars3", "nf03_test4\f90tst_vars3.vfproj", "{88EC2691-4932-3F74-BD50-4CA537C7B75F}"
	ProjectSection(ProjectDependencies) = postProject
		{906FA16C-8C79-373F-858C-660A1272AD1D} = {906FA16C-8C79-373F-858C-660A1272AD1D}
		{91EE1914-D33C-37C4-927E-182079ABC642} = {91EE1914-D33C-37C4-927E-182079ABC642}
		{0AEC5773-98D6-342E-9B52-CB8A17D006CB} = {0AEC5773-98D6-342E-9B52-CB8A17D006CB}
	EndProjectSection
EndProject
Project("{6989167D-11E4-40FE-8C1A-2192A86A7E90}") = "f90tst_vars4", "nf03_test4\f90tst_vars4.vfproj", "{51713C5E-34F6-3DAC-9E59-CE57C9C9258C}"
	ProjectSection(ProjectDependencies) = postProject
		{906FA16C-8C79-373F-858C-660A1272AD1D} = {906FA16C-8C79-373F-858C-660A1272AD1D}
		{91EE1914-D33C-37C4-927E-182079ABC642} = {91EE1914-D33C-37C4-927E-182079ABC642}
		{0AEC5773-98D6-342E-9B52-CB8A17D006CB} = {0AEC5773-98D6-342E-9B52-CB8A17D006CB}
	EndProjectSection
EndProject
Project("{6989167D-11E4-40FE-8C1A-2192A86A7E90}") = "f90tst_vars_vlen", "nf03_test4\f90tst_vars_vlen.vfproj", "{71AA94B2-67A6-376B-A7C3-4C53EB0488CD}"
	ProjectSection(ProjectDependencies) = postProject
		{906FA16C-8C79-373F-858C-660A1272AD1D} = {906FA16C-8C79-373F-858C-660A1272AD1D}
		{91EE1914-D33C-37C4-927E-182079ABC642} = {91EE1914-D33C-37C4-927E-182079ABC642}
		{0AEC5773-98D6-342E-9B52-CB8A17D006CB} = {0AEC5773-98D6-342E-9B52-CB8A17D006CB}
	EndProjectSection
EndProject
Project("{6989167D-11E4-40FE-8C1A-2192A86A7E90}") = "f90tst_zstandard", "nf03_test4\f90tst_zstandard.vfproj", "{65597813-A9BE-3F3F-B23A-16B617BFA8DD}"
	ProjectSection(ProjectDependencies) = postProject
		{906FA16C-8C79-373F-858C-660A1272AD1D} = {906FA16C-8C79-373F-858C-660A1272AD1D}
		{91EE1914-D33C-37C4-927E-182079ABC642} = {91EE1914-D33C-37C4-927E-182079ABC642}
		{0AEC5773-98D6-342E-9B52-CB8A17D006CB} = {0AEC5773-98D6-342E-9B52-CB8A17D006CB}
	EndProjectSection
EndProject
Project("{6989167D-11E4-40FE-8C1A-2192A86A7E90}") = "ftest", "nf_test\ftest.vfproj", "{92CA1354-BB77-3810-9F7A-535BD3A99DAE}"
	ProjectSection(ProjectDependencies) = postProject
		{906FA16C-8C79-373F-858C-660A1272AD1D} = {906FA16C-8C79-373F-858C-660A1272AD1D}
		{95C74B41-D095-3ECE-A29E-8C93C0973122} = {95C74B41-D095-3ECE-A29E-8C93C0973122}
		{91EE1914-D33C-37C4-927E-182079ABC642} = {91EE1914-D33C-37C4-927E-182079ABC642}
		{0AEC5773-98D6-342E-9B52-CB8A17D006CB} = {0AEC5773-98D6-342E-9B52-CB8A17D006CB}
	EndProjectSection
EndProject
Project("{8BC9CEB8-8B4A-11D0-8D11-00A0C91BC942}") = "ftest_c", "nf_test\ftest_c.vcxproj", "{95C74B41-D095-3ECE-A29E-8C93C0973122}"
	ProjectSection(ProjectDependencies) = postProject
		{906FA16C-8C79-373F-858C-660A1272AD1D} = {906FA16C-8C79-373F-858C-660A1272AD1D}
	EndProjectSection
EndProject
Project("{6989167D-11E4-40FE-8C1A-2192A86A7E90}") = "ftst_groups", "nf_test4\ftst_groups.vfproj", "{179D26B7-91A0-3497-9E6D-5F56BCED0668}"
	ProjectSection(ProjectDependencies) = postProject
		{906FA16C-8C79-373F-858C-660A1272AD1D} = {906FA16C-8C79-373F-858C-660A1272AD1D}
		{91EE1914-D33C-37C4-927E-182079ABC642} = {91EE1914-D33C-37C4-927E-182079ABC642}
		{0AEC5773-98D6-342E-9B52-CB8A17D006CB} = {0AEC5773-98D6-342E-9B52-CB8A17D006CB}
	EndProjectSection
EndProject
Project("{6989167D-11E4-40FE-8C1A-2192A86A7E90}") = "ftst_path", "nf_test4\ftst_path.vfproj", "{E9AEA173-8D73-32E0-AE5A-72CFC1216FF3}"
	ProjectSection(ProjectDependencies) = postProject
		{906FA16C-8C79-373F-858C-660A1272AD1D} = {906FA16C-8C79-373F-858C-660A1272AD1D}
		{91EE1914-D33C-37C4-927E-182079ABC642} = {91EE1914-D33C-37C4-927E-182079ABC642}
		{0AEC5773-98D6-342E-9B52-CB8A17D006CB} = {0AEC5773-98D6-342E-9B52-CB8A17D006CB}
	EndProjectSection
EndProject
Project("{6989167D-11E4-40FE-8C1A-2192A86A7E90}") = "ftst_rengrps", "nf_test4\ftst_rengrps.vfproj", "{F9231913-2865-3AF7-A9F9-55E05320D7BE}"
	ProjectSection(ProjectDependencies) = postProject
		{906FA16C-8C79-373F-858C-660A1272AD1D} = {906FA16C-8C79-373F-858C-660A1272AD1D}
		{91EE1914-D33C-37C4-927E-182079ABC642} = {91EE1914-D33C-37C4-927E-182079ABC642}
		{0AEC5773-98D6-342E-9B52-CB8A17D006CB} = {0AEC5773-98D6-342E-9B52-CB8A17D006CB}
	EndProjectSection
EndProject
Project("{6989167D-11E4-40FE-8C1A-2192A86A7E90}") = "ftst_types", "nf_test4\ftst_types.vfproj", "{35918705-C425-3EF3-9651-61B7ADB195A6}"
	ProjectSection(ProjectDependencies) = postProject
		{906FA16C-8C79-373F-858C-660A1272AD1D} = {906FA16C-8C79-373F-858C-660A1272AD1D}
		{91EE1914-D33C-37C4-927E-182079ABC642} = {91EE1914-D33C-37C4-927E-182079ABC642}
		{0AEC5773-98D6-342E-9B52-CB8A17D006CB} = {0AEC5773-98D6-342E-9B52-CB8A17D006CB}
	EndProjectSection
EndProject
Project("{6989167D-11E4-40FE-8C1A-2192A86A7E90}") = "ftst_types2", "nf_test4\ftst_types2.vfproj", "{82681C7E-805B-39C4-84D4-64F992888333}"
	ProjectSection(ProjectDependencies) = postProject
		{906FA16C-8C79-373F-858C-660A1272AD1D} = {906FA16C-8C79-373F-858C-660A1272AD1D}
		{91EE1914-D33C-37C4-927E-182079ABC642} = {91EE1914-D33C-37C4-927E-182079ABC642}
		{0AEC5773-98D6-342E-9B52-CB8A17D006CB} = {0AEC5773-98D6-342E-9B52-CB8A17D006CB}
	EndProjectSection
EndProject
Project("{6989167D-11E4-40FE-8C1A-2192A86A7E90}") = "ftst_types3", "nf_test4\ftst_types3.vfproj", "{6EABBB4F-7533-378C-8E27-42B9169F0CE8}"
	ProjectSection(ProjectDependencies) = postProject
		{906FA16C-8C79-373F-858C-660A1272AD1D} = {906FA16C-8C79-373F-858C-660A1272AD1D}
		{91EE1914-D33C-37C4-927E-182079ABC642} = {91EE1914-D33C-37C4-927E-182079ABC642}
		{0AEC5773-98D6-342E-9B52-CB8A17D006CB} = {0AEC5773-98D6-342E-9B52-CB8A17D006CB}
	EndProjectSection
EndProject
Project("{6989167D-11E4-40FE-8C1A-2192A86A7E90}") = "ftst_v2", "nf_test4\ftst_v2.vfproj", "{C3F8830A-94F6-31EF-94AB-FC78E4AD4B9A}"
	ProjectSection(ProjectDependencies) = postProject
		{906FA16C-8C79-373F-858C-660A1272AD1D} = {906FA16C-8C79-373F-858C-660A1272AD1D}
		{91EE1914-D33C-37C4-927E-182079ABC642} = {91EE1914-D33C-37C4-927E-182079ABC642}
		{0AEC5773-98D6-342E-9B52-CB8A17D006CB} = {0AEC5773-98D6-342E-9B52-CB8A17D006CB}
	EndProjectSection
EndProject
Project("{6989167D-11E4-40FE-8C1A-2192A86A7E90}") = "ftst_var_compact", "nf_test4\ftst_var_compact.vfproj", "{A32C03A7-E0E1-395B-8036-2AA9E8F4828F}"
	ProjectSection(ProjectDependencies) = postProject
		{906FA16C-8C79-373F-858C-660A1272AD1D} = {906FA16C-8C79-373F-858C-660A1272AD1D}
		{91EE1914-D33C-37C4-927E-182079ABC642} = {91EE1914-D33C-37C4-927E-182079ABC642}
		{0AEC5773-98D6-342E-9B52-CB8A17D006CB} = {0AEC5773-98D6-342E-9B52-CB8A17D006CB}
	EndProjectSection
EndProject
Project("{6989167D-11E4-40FE-8C1A-2192A86A7E90}") = "ftst_vars", "nf_test4\ftst_vars.vfproj", "{B8F5665A-E291-316B-899B-E589389AFBE8}"
	ProjectSection(ProjectDependencies) = postProject
		{906FA16C-8C79-373F-858C-660A1272AD1D} = {906FA16C-8C79-373F-858C-660A1272AD1D}
		{91EE1914-D33C-37C4-927E-182079ABC642} = {91EE1914-D33C-37C4-927E-182079ABC642}
		{0AEC5773-98D6-342E-9B52-CB8A17D006CB} = {0AEC5773-98D6-342E-9B52-CB8A17D006CB}
	EndProjectSection
EndProject
Project("{6989167D-11E4-40FE-8C1A-2192A86A7E90}") = "ftst_vars2", "nf_test4\ftst_vars2.vfproj", "{DFBFB2F7-1202-3EE4-AF1F-07601C0D15CC}"
	ProjectSection(ProjectDependencies) = postProject
		{906FA16C-8C79-373F-858C-660A1272AD1D} = {906FA16C-8C79-373F-858C-660A1272AD1D}
		{91EE1914-D33C-37C4-927E-182079ABC642} = {91EE1914-D33C-37C4-927E-182079ABC642}
		{0AEC5773-98D6-342E-9B52-CB8A17D006CB} = {0AEC5773-98D6-342E-9B52-CB8A17D006CB}
	EndProjectSection
EndProject
Project("{6989167D-11E4-40FE-8C1A-2192A86A7E90}") = "ftst_vars3", "nf_test4\ftst_vars3.vfproj", "{F5E761EA-A1EE-3230-A3BD-BAC13CFE84F7}"
	ProjectSection(ProjectDependencies) = postProject
		{906FA16C-8C79-373F-858C-660A1272AD1D} = {906FA16C-8C79-373F-858C-660A1272AD1D}
		{91EE1914-D33C-37C4-927E-182079ABC642} = {91EE1914-D33C-37C4-927E-182079ABC642}
		{0AEC5773-98D6-342E-9B52-CB8A17D006CB} = {0AEC5773-98D6-342E-9B52-CB8A17D006CB}
	EndProjectSection
EndProject
Project("{6989167D-11E4-40FE-8C1A-2192A86A7E90}") = "ftst_vars4", "nf_test4\ftst_vars4.vfproj", "{CB3D603C-2195-3C9B-BF9E-2E3C2AA35F34}"
	ProjectSection(ProjectDependencies) = postProject
		{906FA16C-8C79-373F-858C-660A1272AD1D} = {906FA16C-8C79-373F-858C-660A1272AD1D}
		{91EE1914-D33C-37C4-927E-182079ABC642} = {91EE1914-D33C-37C4-927E-182079ABC642}
		{0AEC5773-98D6-342E-9B52-CB8A17D006CB} = {0AEC5773-98D6-342E-9B52-CB8A17D006CB}
	EndProjectSection
EndProject
Project("{6989167D-11E4-40FE-8C1A-2192A86A7E90}") = "ftst_vars5", "nf_test4\ftst_vars5.vfproj", "{0F759737-A86D-3129-8A41-C5609A812FC4}"
	ProjectSection(ProjectDependencies) = postProject
		{906FA16C-8C79-373F-858C-660A1272AD1D} = {906FA16C-8C79-373F-858C-660A1272AD1D}
		{91EE1914-D33C-37C4-927E-182079ABC642} = {91EE1914-D33C-37C4-927E-182079ABC642}
		{0AEC5773-98D6-342E-9B52-CB8A17D006CB} = {0AEC5773-98D6-342E-9B52-CB8A17D006CB}
	EndProjectSection
EndProject
Project("{6989167D-11E4-40FE-8C1A-2192A86A7E90}") = "ftst_vars6", "nf_test4\ftst_vars6.vfproj", "{D369D216-B836-382A-9641-29379B0485AC}"
	ProjectSection(ProjectDependencies) = postProject
		{906FA16C-8C79-373F-858C-660A1272AD1D} = {906FA16C-8C79-373F-858C-660A1272AD1D}
		{91EE1914-D33C-37C4-927E-182079ABC642} = {91EE1914-D33C-37C4-927E-182079ABC642}
		{0AEC5773-98D6-342E-9B52-CB8A17D006CB} = {0AEC5773-98D6-342E-9B52-CB8A17D006CB}
	EndProjectSection
EndProject
Project("{6989167D-11E4-40FE-8C1A-2192A86A7E90}") = "netcdff", "fortran\netcdff.vfproj", "{91EE1914-D33C-37C4-927E-182079ABC642}"
	ProjectSection(ProjectDependencies) = postProject
		{906FA16C-8C79-373F-858C-660A1272AD1D} = {906FA16C-8C79-373F-858C-660A1272AD1D}
		{0AEC5773-98D6-342E-9B52-CB8A17D006CB} = {0AEC5773-98D6-342E-9B52-CB8A17D006CB}
	EndProjectSection
EndProject
Project("{8BC9CEB8-8B4A-11D0-8D11-00A0C91BC942}") = "netcdff_c", "fortran\netcdff_c.vcxproj", "{0AEC5773-98D6-342E-9B52-CB8A17D006CB}"
	ProjectSection(ProjectDependencies) = postProject
		{906FA16C-8C79-373F-858C-660A1272AD1D} = {906FA16C-8C79-373F-858C-660A1272AD1D}
	EndProjectSection
EndProject
Project("{6989167D-11E4-40FE-8C1A-2192A86A7E90}") = "nf_test", "nf_test\nf_test.vfproj", "{8F6B6E3E-8D41-302F-AE06-FD2109FF2F4B}"
	ProjectSection(ProjectDependencies) = postProject
		{906FA16C-8C79-373F-858C-660A1272AD1D} = {906FA16C-8C79-373F-858C-660A1272AD1D}
		{91EE1914-D33C-37C4-927E-182079ABC642} = {91EE1914-D33C-37C4-927E-182079ABC642}
		{0AEC5773-98D6-342E-9B52-CB8A17D006CB} = {0AEC5773-98D6-342E-9B52-CB8A17D006CB}
		{1B434E26-B086-3D19-91D1-2F1465D60D46} = {1B434E26-B086-3D19-91D1-2F1465D60D46}
	EndProjectSection
EndProject
Project("{8BC9CEB8-8B4A-11D0-8D11-00A0C91BC942}") = "nf_test_c", "nf_test\nf_test_c.vcxproj", "{1B434E26-B086-3D19-91D1-2F1465D60D46}"
	ProjectSection(ProjectDependencies) = postProject
		{906FA16C-8C79-373F-858C-660A1272AD1D} = {906FA16C-8C79-373F-858C-660A1272AD1D}
	EndProjectSection
EndProject
Project("{6989167D-11E4-40FE-8C1A-2192A86A7E90}") = "tst_f77_v2", "nf_test\tst_f77_v2.vfproj", "{1832C854-E0B4-3782-BAA4-21F7446E012E}"
	ProjectSection(ProjectDependencies) = postProject
		{906FA16C-8C79-373F-858C-660A1272AD1D} = {906FA16C-8C79-373F-858C-660A1272AD1D}
		{91EE1914-D33C-37C4-927E-182079ABC642} = {91EE1914-D33C-37C4-927E-182079ABC642}
		{0AEC5773-98D6-342E-9B52-CB8A17D006CB} = {0AEC5773-98D6-342E-9B52-CB8A17D006CB}
	EndProjectSection
EndProject
Project("{6989167D-11E4-40FE-8C1A-2192A86A7E90}") = "tst_f90", "nf03_test\tst_f90.vfproj", "{B4707324-C9B2-327D-8C40-F1246B0152B4}"
	ProjectSection(ProjectDependencies) = postProject
		{906FA16C-8C79-373F-858C-660A1272AD1D} = {906FA16C-8C79-373F-858C-660A1272AD1D}
		{91EE1914-D33C-37C4-927E-182079ABC642} = {91EE1914-D33C-37C4-927E-182079ABC642}
		{0AEC5773-98D6-342E-9B52-CB8A17D006CB} = {0AEC5773-98D6-342E-9B52-CB8A17D006CB}
	EndProjectSection
EndProject
Project("{6989167D-11E4-40FE-8C1A-2192A86A7E90}") = "tst_fill_int64", "nf03_test\tst_fill_int64.vfproj", "{18BA6027-88F2-3B5D-9904-6330FFB96E02}"
	ProjectSection(ProjectDependencies) = postProject
		{906FA16C-8C79-373F-858C-660A1272AD1D} = {906FA16C-8C79-373F-858C-660A1272AD1D}
		{91EE1914-D33C-37C4-927E-182079ABC642} = {91EE1914-D33C-37C4-927E-182079ABC642}
		{0AEC5773-98D6-342E-9B52-CB8A17D006CB} = {0AEC5773-98D6-342E-9B52-CB8A17D006CB}
	EndProjectSection
EndProject
Project("{6989167D-11E4-40FE-8C1A-2192A86A7E90}") = "tst_int64", "nf_test\tst_int64.vfproj", "{8713F307-53D3-3286-9FC8-BF3BC12DF7F3}"
	ProjectSection(ProjectDependencies) = postProject
		{906FA16C-8C79-373F-858C-660A1272AD1D} = {906FA16C-8C79-373F-858C-660A1272AD1D}
		{91EE1914-D33C-37C4-927E-182079ABC642} = {91EE1914-D33C-37C4-927E-182079ABC642}
		{0AEC5773-98D6-342E-9B52-CB8A17D006CB} = {0AEC5773-98D6-342E-9B52-CB8A17D006CB}
	EndProjectSection
EndProject
Global
	GlobalSection(SolutionConfigurationPlatforms) = preSolution
		Debug|x64 = Debug|x64
		Release|x64 = Release|x64
		MinSizeRel|x64 = MinSizeRel|x64
		RelWithDebInfo|x64 = RelWithDebInfo|x64
	EndGlobalSection
	GlobalSection(ProjectConfigurationPlatforms) = postSolution
		{BAC8E9B5-EAF9-33D3-8FA1-36944E5306B2}.Debug|x64.ActiveCfg = Debug|x64
		{BAC8E9B5-EAF9-33D3-8FA1-36944E5306B2}.Debug|x64.Build.0 = Debug|x64
		{BAC8E9B5-EAF9-33D3-8FA1-36944E5306B2}.Release|x64.ActiveCfg = Release|x64
		{BAC8E9B5-EAF9-33D3-8FA1-36944E5306B2}.Release|x64.Build.0 = Release|x64
		{BAC8E9B5-EAF9-33D3-8FA1-36944E5306B2}.MinSizeRel|x64.ActiveCfg = MinSizeRel|x64
		{BAC8E9B5-EAF9-33D3-8FA1-36944E5306B2}.MinSizeRel|x64.Build.0 = MinSizeRel|x64
		{BAC8E9B5-EAF9-33D3-8FA1-36944E5306B2}.RelWithDebInfo|x64.ActiveCfg = RelWithDebInfo|x64
		{BAC8E9B5-EAF9-33D3-8FA1-36944E5306B2}.RelWithDebInfo|x64.Build.0 = RelWithDebInfo|x64
		{D102CB35-F4F0-30D7-BA28-5B8E8D070E48}.Debug|x64.ActiveCfg = Debug|x64
		{D102CB35-F4F0-30D7-BA28-5B8E8D070E48}.Debug|x64.Build.0 = Debug|x64
		{D102CB35-F4F0-30D7-BA28-5B8E8D070E48}.Release|x64.ActiveCfg = Release|x64
		{D102CB35-F4F0-30D7-BA28-5B8E8D070E48}.Release|x64.Build.0 = Release|x64
		{D102CB35-F4F0-30D7-BA28-5B8E8D070E48}.MinSizeRel|x64.ActiveCfg = MinSizeRel|x64
		{D102CB35-F4F0-30D7-BA28-5B8E8D070E48}.MinSizeRel|x64.Build.0 = MinSizeRel|x64
		{D102CB35-F4F0-30D7-BA28-5B8E8D070E48}.RelWithDebInfo|x64.ActiveCfg = RelWithDebInfo|x64
		{D102CB35-F4F0-30D7-BA28-5B8E8D070E48}.RelWithDebInfo|x64.Build.0 = RelWithDebInfo|x64
		{44FA4661-107E-39FC-8E5D-5BA40337EBD6}.Debug|x64.ActiveCfg = Debug|x64
		{44FA4661-107E-39FC-8E5D-5BA40337EBD6}.Debug|x64.Build.0 = Debug|x64
		{44FA4661-107E-39FC-8E5D-5BA40337EBD6}.Release|x64.ActiveCfg = Release|x64
		{44FA4661-107E-39FC-8E5D-5BA40337EBD6}.Release|x64.Build.0 = Release|x64
		{44FA4661-107E-39FC-8E5D-5BA40337EBD6}.MinSizeRel|x64.ActiveCfg = MinSizeRel|x64
		{44FA4661-107E-39FC-8E5D-5BA40337EBD6}.MinSizeRel|x64.Build.0 = MinSizeRel|x64
		{44FA4661-107E-39FC-8E5D-5BA40337EBD6}.RelWithDebInfo|x64.ActiveCfg = RelWithDebInfo|x64
		{44FA4661-107E-39FC-8E5D-5BA40337EBD6}.RelWithDebInfo|x64.Build.0 = RelWithDebInfo|x64
		{129AD3A2-151C-3C3F-9584-000252C6336C}.Debug|x64.ActiveCfg = Debug|x64
		{129AD3A2-151C-3C3F-9584-000252C6336C}.Debug|x64.Build.0 = Debug|x64
		{129AD3A2-151C-3C3F-9584-000252C6336C}.Release|x64.ActiveCfg = Release|x64
		{129AD3A2-151C-3C3F-9584-000252C6336C}.Release|x64.Build.0 = Release|x64
		{129AD3A2-151C-3C3F-9584-000252C6336C}.MinSizeRel|x64.ActiveCfg = MinSizeRel|x64
		{129AD3A2-151C-3C3F-9584-000252C6336C}.MinSizeRel|x64.Build.0 = MinSizeRel|x64
		{129AD3A2-151C-3C3F-9584-000252C6336C}.RelWithDebInfo|x64.ActiveCfg = RelWithDebInfo|x64
		{129AD3A2-151C-3C3F-9584-000252C6336C}.RelWithDebInfo|x64.Build.0 = RelWithDebInfo|x64
		{A899DB27-E31A-3E12-A792-B162D9815EC8}.Debug|x64.ActiveCfg = Debug|x64
		{A899DB27-E31A-3E12-A792-B162D9815EC8}.Debug|x64.Build.0 = Debug|x64
		{A899DB27-E31A-3E12-A792-B162D9815EC8}.Release|x64.ActiveCfg = Release|x64
		{A899DB27-E31A-3E12-A792-B162D9815EC8}.Release|x64.Build.0 = Release|x64
		{A899DB27-E31A-3E12-A792-B162D9815EC8}.MinSizeRel|x64.ActiveCfg = MinSizeRel|x64
		{A899DB27-E31A-3E12-A792-B162D9815EC8}.MinSizeRel|x64.Build.0 = MinSizeRel|x64
		{A899DB27-E31A-3E12-A792-B162D9815EC8}.RelWithDebInfo|x64.ActiveCfg = RelWithDebInfo|x64
		{A899DB27-E31A-3E12-A792-B162D9815EC8}.RelWithDebInfo|x64.Build.0 = RelWithDebInfo|x64
		{52F91B81-F01F-3758-BBE6-AA626BCF78C3}.Debug|x64.ActiveCfg = Debug|x64
		{52F91B81-F01F-3758-BBE6-AA626BCF78C3}.Debug|x64.Build.0 = Debug|x64
		{52F91B81-F01F-3758-BBE6-AA626BCF78C3}.Release|x64.ActiveCfg = Release|x64
		{52F91B81-F01F-3758-BBE6-AA626BCF78C3}.Release|x64.Build.0 = Release|x64
		{52F91B81-F01F-3758-BBE6-AA626BCF78C3}.MinSizeRel|x64.ActiveCfg = MinSizeRel|x64
		{52F91B81-F01F-3758-BBE6-AA626BCF78C3}.MinSizeRel|x64.Build.0 = MinSizeRel|x64
		{52F91B81-F01F-3758-BBE6-AA626BCF78C3}.RelWithDebInfo|x64.ActiveCfg = RelWithDebInfo|x64
		{52F91B81-F01F-3758-BBE6-AA626BCF78C3}.RelWithDebInfo|x64.Build.0 = RelWithDebInfo|x64
		{9DFA15F3-73C6-306C-B2E0-18FE7D82DA60}.Debug|x64.ActiveCfg = Debug|x64
		{9DFA15F3-73C6-306C-B2E0-18FE7D82DA60}.Debug|x64.Build.0 = Debug|x64
		{9DFA15F3-73C6-306C-B2E0-18FE7D82DA60}.Release|x64.ActiveCfg = Release|x64
		{9DFA15F3-73C6-306C-B2E0-18FE7D82DA60}.Release|x64.Build.0 = Release|x64
		{9DFA15F3-73C6-306C-B2E0-18FE7D82DA60}.MinSizeRel|x64.ActiveCfg = MinSizeRel|x64
		{9DFA15F3-73C6-306C-B2E0-18FE7D82DA60}.MinSizeRel|x64.Build.0 = MinSizeRel|x64
		{9DFA15F3-73C6-306C-B2E0-18FE7D82DA60}.RelWithDebInfo|x64.ActiveCfg = RelWithDebInfo|x64
		{9DFA15F3-73C6-306C-B2E0-18FE7D82DA60}.RelWithDebInfo|x64.Build.0 = RelWithDebInfo|x64
		{020CCAEA-D7B1-3358-8E9B-BD1DD7C60C48}.Debug|x64.ActiveCfg = Debug|x64
		{020CCAEA-D7B1-3358-8E9B-BD1DD7C60C48}.Debug|x64.Build.0 = Debug|x64
		{020CCAEA-D7B1-3358-8E9B-BD1DD7C60C48}.Release|x64.ActiveCfg = Release|x64
		{020CCAEA-D7B1-3358-8E9B-BD1DD7C60C48}.Release|x64.Build.0 = Release|x64
		{020CCAEA-D7B1-3358-8E9B-BD1DD7C60C48}.MinSizeRel|x64.ActiveCfg = MinSizeRel|x64
		{020CCAEA-D7B1-3358-8E9B-BD1DD7C60C48}.MinSizeRel|x64.Build.0 = MinSizeRel|x64
		{020CCAEA-D7B1-3358-8E9B-BD1DD7C60C48}.RelWithDebInfo|x64.ActiveCfg = RelWithDebInfo|x64
		{020CCAEA-D7B1-3358-8E9B-BD1DD7C60C48}.RelWithDebInfo|x64.Build.0 = RelWithDebInfo|x64
		{30E7B25B-79A5-3E0E-AE9E-497FA20C8F1D}.Debug|x64.ActiveCfg = Debug|x64
		{30E7B25B-79A5-3E0E-AE9E-497FA20C8F1D}.Debug|x64.Build.0 = Debug|x64
		{30E7B25B-79A5-3E0E-AE9E-497FA20C8F1D}.Release|x64.ActiveCfg = Release|x64
		{30E7B25B-79A5-3E0E-AE9E-497FA20C8F1D}.Release|x64.Build.0 = Release|x64
		{30E7B25B-79A5-3E0E-AE9E-497FA20C8F1D}.MinSizeRel|x64.ActiveCfg = MinSizeRel|x64
		{30E7B25B-79A5-3E0E-AE9E-497FA20C8F1D}.MinSizeRel|x64.Build.0 = MinSizeRel|x64
		{30E7B25B-79A5-3E0E-AE9E-497FA20C8F1D}.RelWithDebInfo|x64.ActiveCfg = RelWithDebInfo|x64
		{30E7B25B-79A5-3E0E-AE9E-497FA20C8F1D}.RelWithDebInfo|x64.Build.0 = RelWithDebInfo|x64
		{F5A1A73E-3453-3039-A7F8-0794593B189A}.Debug|x64.ActiveCfg = Debug|x64
		{F5A1A73E-3453-3039-A7F8-0794593B189A}.Debug|x64.Build.0 = Debug|x64
		{F5A1A73E-3453-3039-A7F8-0794593B189A}.Release|x64.ActiveCfg = Release|x64
		{F5A1A73E-3453-3039-A7F8-0794593B189A}.Release|x64.Build.0 = Release|x64
		{F5A1A73E-3453-3039-A7F8-0794593B189A}.MinSizeRel|x64.ActiveCfg = MinSizeRel|x64
		{F5A1A73E-3453-3039-A7F8-0794593B189A}.MinSizeRel|x64.Build.0 = MinSizeRel|x64
		{F5A1A73E-3453-3039-A7F8-0794593B189A}.RelWithDebInfo|x64.ActiveCfg = RelWithDebInfo|x64
		{F5A1A73E-3453-3039-A7F8-0794593B189A}.RelWithDebInfo|x64.Build.0 = RelWithDebInfo|x64
		{468D5358-B45B-3350-9B90-040712EAAB87}.Debug|x64.ActiveCfg = Debug|x64
		{468D5358-B45B-3350-9B90-040712EAAB87}.Debug|x64.Build.0 = Debug|x64
		{468D5358-B45B-3350-9B90-040712EAAB87}.Release|x64.ActiveCfg = Release|x64
		{468D5358-B45B-3350-9B90-040712EAAB87}.Release|x64.Build.0 = Release|x64
		{468D5358-B45B-3350-9B90-040712EAAB87}.MinSizeRel|x64.ActiveCfg = MinSizeRel|x64
		{468D5358-B45B-3350-9B90-040712EAAB87}.MinSizeRel|x64.Build.0 = MinSizeRel|x64
		{468D5358-B45B-3350-9B90-040712EAAB87}.RelWithDebInfo|x64.ActiveCfg = RelWithDebInfo|x64
		{468D5358-B45B-3350-9B90-040712EAAB87}.RelWithDebInfo|x64.Build.0 = RelWithDebInfo|x64
		{585A5861-6E2F-33E6-9E01-4F4AEB265B0D}.Debug|x64.ActiveCfg = Debug|x64
		{585A5861-6E2F-33E6-9E01-4F4AEB265B0D}.Debug|x64.Build.0 = Debug|x64
		{585A5861-6E2F-33E6-9E01-4F4AEB265B0D}.Release|x64.ActiveCfg = Release|x64
		{585A5861-6E2F-33E6-9E01-4F4AEB265B0D}.Release|x64.Build.0 = Release|x64
		{585A5861-6E2F-33E6-9E01-4F4AEB265B0D}.MinSizeRel|x64.ActiveCfg = MinSizeRel|x64
		{585A5861-6E2F-33E6-9E01-4F4AEB265B0D}.MinSizeRel|x64.Build.0 = MinSizeRel|x64
		{585A5861-6E2F-33E6-9E01-4F4AEB265B0D}.RelWithDebInfo|x64.ActiveCfg = RelWithDebInfo|x64
		{585A5861-6E2F-33E6-9E01-4F4AEB265B0D}.RelWithDebInfo|x64.Build.0 = RelWithDebInfo|x64
		{97FD0BC7-C3E0-3370-A5EB-4D24156FF488}.Debug|x64.ActiveCfg = Debug|x64
		{97FD0BC7-C3E0-3370-A5EB-4D24156FF488}.Debug|x64.Build.0 = Debug|x64
		{97FD0BC7-C3E0-3370-A5EB-4D24156FF488}.Release|x64.ActiveCfg = Release|x64
		{97FD0BC7-C3E0-3370-A5EB-4D24156FF488}.Release|x64.Build.0 = Release|x64
		{97FD0BC7-C3E0-3370-A5EB-4D24156FF488}.MinSizeRel|x64.ActiveCfg = MinSizeRel|x64
		{97FD0BC7-C3E0-3370-A5EB-4D24156FF488}.MinSizeRel|x64.Build.0 = MinSizeRel|x64
		{97FD0BC7-C3E0-3370-A5EB-4D24156FF488}.RelWithDebInfo|x64.ActiveCfg = RelWithDebInfo|x64
		{97FD0BC7-C3E0-3370-A5EB-4D24156FF488}.RelWithDebInfo|x64.Build.0 = RelWithDebInfo|x64
		{E2A6B813-5EF1-30AF-B96F-3C80EAE6D101}.Debug|x64.ActiveCfg = Debug|x64
		{E2A6B813-5EF1-30AF-B96F-3C80EAE6D101}.Release|x64.ActiveCfg = Release|x64
		{E2A6B813-5EF1-30AF-B96F-3C80EAE6D101}.MinSizeRel|x64.ActiveCfg = MinSizeRel|x64
		{E2A6B813-5EF1-30AF-B96F-3C80EAE6D101}.RelWithDebInfo|x64.ActiveCfg = RelWithDebInfo|x64
		{BB470623-30CF-3EF9-B7C4-38764CF83147}.Debug|x64.ActiveCfg = Debug|x64
		{BB470623-30CF-3EF9-B7C4-38764CF83147}.Release|x64.ActiveCfg = Release|x64
		{BB470623-30CF-3EF9-B7C4-38764CF83147}.MinSizeRel|x64.ActiveCfg = MinSizeRel|x64
		{BB470623-30CF-3EF9-B7C4-38764CF83147}.RelWithDebInfo|x64.ActiveCfg = RelWithDebInfo|x64
		{906FA16C-8C79-373F-858C-660A1272AD1D}.Debug|x64.ActiveCfg = Debug|x64
		{906FA16C-8C79-373F-858C-660A1272AD1D}.Debug|x64.Build.0 = Debug|x64
		{906FA16C-8C79-373F-858C-660A1272AD1D}.Release|x64.ActiveCfg = Release|x64
		{906FA16C-8C79-373F-858C-660A1272AD1D}.Release|x64.Build.0 = Release|x64
		{906FA16C-8C79-373F-858C-660A1272AD1D}.MinSizeRel|x64.ActiveCfg = MinSizeRel|x64
		{906FA16C-8C79-373F-858C-660A1272AD1D}.MinSizeRel|x64.Build.0 = MinSizeRel|x64
		{906FA16C-8C79-373F-858C-660A1272AD1D}.RelWithDebInfo|x64.ActiveCfg = RelWithDebInfo|x64
		{906FA16C-8C79-373F-858C-660A1272AD1D}.RelWithDebInfo|x64.Build.0 = RelWithDebInfo|x64
		{0A302EEC-92AE-3D14-BCD1-42DF939D3B74}.Debug|x64.ActiveCfg = Debug|x64
		{0A302EEC-92AE-3D14-BCD1-42DF939D3B74}.Debug|x64.Build.0 = Debug|x64
		{0A302EEC-92AE-3D14-BCD1-42DF939D3B74}.Release|x64.ActiveCfg = Release|x64
		{0A302EEC-92AE-3D14-BCD1-42DF939D3B74}.Release|x64.Build.0 = Release|x64
		{0A302EEC-92AE-3D14-BCD1-42DF939D3B74}.MinSizeRel|x64.ActiveCfg = MinSizeRel|x64
		{0A302EEC-92AE-3D14-BCD1-42DF939D3B74}.MinSizeRel|x64.Build.0 = MinSizeRel|x64
		{0A302EEC-92AE-3D14-BCD1-42DF939D3B74}.RelWithDebInfo|x64.ActiveCfg = RelWithDebInfo|x64
		{0A302EEC-92AE-3D14-BCD1-42DF939D3B74}.RelWithDebInfo|x64.Build.0 = RelWithDebInfo|x64
		{13BAC139-FCE9-3D43-8001-68B25D92B35B}.Debug|x64.ActiveCfg = Debug|x64
		{13BAC139-FCE9-3D43-8001-68B25D92B35B}.Debug|x64.Build.0 = Debug|x64
		{13BAC139-FCE9-3D43-8001-68B25D92B35B}.Release|x64.ActiveCfg = Release|x64
		{13BAC139-FCE9-3D43-8001-68B25D92B35B}.Release|x64.Build.0 = Release|x64
		{13BAC139-FCE9-3D43-8001-68B25D92B35B}.MinSizeRel|x64.ActiveCfg = MinSizeRel|x64
		{13BAC139-FCE9-3D43-8001-68B25D92B35B}.MinSizeRel|x64.Build.0 = MinSizeRel|x64
		{13BAC139-FCE9-3D43-8001-68B25D92B35B}.RelWithDebInfo|x64.ActiveCfg = RelWithDebInfo|x64
		{13BAC139-FCE9-3D43-8001-68B25D92B35B}.RelWithDebInfo|x64.Build.0 = RelWithDebInfo|x64
		{49EAE493-F388-31C4-9DBA-8AA044F6204C}.Debug|x64.ActiveCfg = Debug|x64
		{49EAE493-F388-31C4-9DBA-8AA044F6204C}.Debug|x64.Build.0 = Debug|x64
		{49EAE493-F388-31C4-9DBA-8AA044F6204C}.Release|x64.ActiveCfg = Release|x64
		{49EAE493-F388-31C4-9DBA-8AA044F6204C}.Release|x64.Build.0 = Release|x64
		{49EAE493-F388-31C4-9DBA-8AA044F6204C}.MinSizeRel|x64.ActiveCfg = MinSizeRel|x64
		{49EAE493-F388-31C4-9DBA-8AA044F6204C}.MinSizeRel|x64.Build.0 = MinSizeRel|x64
		{49EAE493-F388-31C4-9DBA-8AA044F6204C}.RelWithDebInfo|x64.ActiveCfg = RelWithDebInfo|x64
		{49EAE493-F388-31C4-9DBA-8AA044F6204C}.RelWithDebInfo|x64.Build.0 = RelWithDebInfo|x64
		{AB83F31A-0F03-3395-B5DD-C530C5094B27}.Debug|x64.ActiveCfg = Debug|x64
		{AB83F31A-0F03-3395-B5DD-C530C5094B27}.Debug|x64.Build.0 = Debug|x64
		{AB83F31A-0F03-3395-B5DD-C530C5094B27}.Release|x64.ActiveCfg = Release|x64
		{AB83F31A-0F03-3395-B5DD-C530C5094B27}.Release|x64.Build.0 = Release|x64
		{AB83F31A-0F03-3395-B5DD-C530C5094B27}.MinSizeRel|x64.ActiveCfg = MinSizeRel|x64
		{AB83F31A-0F03-3395-B5DD-C530C5094B27}.MinSizeRel|x64.Build.0 = MinSizeRel|x64
		{AB83F31A-0F03-3395-B5DD-C530C5094B27}.RelWithDebInfo|x64.ActiveCfg = RelWithDebInfo|x64
		{AB83F31A-0F03-3395-B5DD-C530C5094B27}.RelWithDebInfo|x64.Build.0 = RelWithDebInfo|x64
		{0F5B860D-5086-3C47-ACA6-29166168BE1F}.Debug|x64.ActiveCfg = Debug|x64
		{0F5B860D-5086-3C47-ACA6-29166168BE1F}.Debug|x64.Build.0 = Debug|x64
		{0F5B860D-5086-3C47-ACA6-29166168BE1F}.Release|x64.ActiveCfg = Release|x64
		{0F5B860D-5086-3C47-ACA6-29166168BE1F}.Release|x64.Build.0 = Release|x64
		{0F5B860D-5086-3C47-ACA6-29166168BE1F}.MinSizeRel|x64.ActiveCfg = MinSizeRel|x64
		{0F5B860D-5086-3C47-ACA6-29166168BE1F}.MinSizeRel|x64.Build.0 = MinSizeRel|x64
		{0F5B860D-5086-3C47-ACA6-29166168BE1F}.RelWithDebInfo|x64.ActiveCfg = RelWithDebInfo|x64
		{0F5B860D-5086-3C47-ACA6-29166168BE1F}.RelWithDebInfo|x64.Build.0 = RelWithDebInfo|x64
		{71A2E327-2223-3FCA-8535-602F7961D0BD}.Debug|x64.ActiveCfg = Debug|x64
		{71A2E327-2223-3FCA-8535-602F7961D0BD}.Debug|x64.Build.0 = Debug|x64
		{71A2E327-2223-3FCA-8535-602F7961D0BD}.Release|x64.ActiveCfg = Release|x64
		{71A2E327-2223-3FCA-8535-602F7961D0BD}.Release|x64.Build.0 = Release|x64
		{71A2E327-2223-3FCA-8535-602F7961D0BD}.MinSizeRel|x64.ActiveCfg = MinSizeRel|x64
		{71A2E327-2223-3FCA-8535-602F7961D0BD}.MinSizeRel|x64.Build.0 = MinSizeRel|x64
		{71A2E327-2223-3FCA-8535-602F7961D0BD}.RelWithDebInfo|x64.ActiveCfg = RelWithDebInfo|x64
		{71A2E327-2223-3FCA-8535-602F7961D0BD}.RelWithDebInfo|x64.Build.0 = RelWithDebInfo|x64
		{D699E17A-DC58-396C-BE4C-201026239DE0}.Debug|x64.ActiveCfg = Debug|x64
		{D699E17A-DC58-396C-BE4C-201026239DE0}.Debug|x64.Build.0 = Debug|x64
		{D699E17A-DC58-396C-BE4C-201026239DE0}.Release|x64.ActiveCfg = Release|x64
		{D699E17A-DC58-396C-BE4C-201026239DE0}.Release|x64.Build.0 = Release|x64
		{D699E17A-DC58-396C-BE4C-201026239DE0}.MinSizeRel|x64.ActiveCfg = MinSizeRel|x64
		{D699E17A-DC58-396C-BE4C-201026239DE0}.MinSizeRel|x64.Build.0 = MinSizeRel|x64
		{D699E17A-DC58-396C-BE4C-201026239DE0}.RelWithDebInfo|x64.ActiveCfg = RelWithDebInfo|x64
		{D699E17A-DC58-396C-BE4C-201026239DE0}.RelWithDebInfo|x64.Build.0 = RelWithDebInfo|x64
		{930F4A96-0263-38E8-9F66-2430E2E2D534}.Debug|x64.ActiveCfg = Debug|x64
		{930F4A96-0263-38E8-9F66-2430E2E2D534}.Debug|x64.Build.0 = Debug|x64
		{930F4A96-0263-38E8-9F66-2430E2E2D534}.Release|x64.ActiveCfg = Release|x64
		{930F4A96-0263-38E8-9F66-2430E2E2D534}.Release|x64.Build.0 = Release|x64
		{930F4A96-0263-38E8-9F66-2430E2E2D534}.MinSizeRel|x64.ActiveCfg = MinSizeRel|x64
		{930F4A96-0263-38E8-9F66-2430E2E2D534}.MinSizeRel|x64.Build.0 = MinSizeRel|x64
		{930F4A96-0263-38E8-9F66-2430E2E2D534}.RelWithDebInfo|x64.ActiveCfg = RelWithDebInfo|x64
		{930F4A96-0263-38E8-9F66-2430E2E2D534}.RelWithDebInfo|x64.Build.0 = RelWithDebInfo|x64
		{426D7760-983A-367C-B5A3-77D64F794F7E}.Debug|x64.ActiveCfg = Debug|x64
		{426D7760-983A-367C-B5A3-77D64F794F7E}.Debug|x64.Build.0 = Debug|x64
		{426D7760-983A-367C-B5A3-77D64F794F7E}.Release|x64.ActiveCfg = Release|x64
		{426D7760-983A-367C-B5A3-77D64F794F7E}.Release|x64.Build.0 = Release|x64
		{426D7760-983A-367C-B5A3-77D64F794F7E}.MinSizeRel|x64.ActiveCfg = MinSizeRel|x64
		{426D7760-983A-367C-B5A3-77D64F794F7E}.MinSizeRel|x64.Build.0 = MinSizeRel|x64
		{426D7760-983A-367C-B5A3-77D64F794F7E}.RelWithDebInfo|x64.ActiveCfg = RelWithDebInfo|x64
		{426D7760-983A-367C-B5A3-77D64F794F7E}.RelWithDebInfo|x64.Build.0 = RelWithDebInfo|x64
		{AA9CC826-4F29-36AB-AA91-87BBB965A44D}.Debug|x64.ActiveCfg = Debug|x64
		{AA9CC826-4F29-36AB-AA91-87BBB965A44D}.Debug|x64.Build.0 = Debug|x64
		{AA9CC826-4F29-36AB-AA91-87BBB965A44D}.Release|x64.ActiveCfg = Release|x64
		{AA9CC826-4F29-36AB-AA91-87BBB965A44D}.Release|x64.Build.0 = Release|x64
		{AA9CC826-4F29-36AB-AA91-87BBB965A44D}.MinSizeRel|x64.ActiveCfg = MinSizeRel|x64
		{AA9CC826-4F29-36AB-AA91-87BBB965A44D}.MinSizeRel|x64.Build.0 = MinSizeRel|x64
		{AA9CC826-4F29-36AB-AA91-87BBB965A44D}.RelWithDebInfo|x64.ActiveCfg = RelWithDebInfo|x64
		{AA9CC826-4F29-36AB-AA91-87BBB965A44D}.RelWithDebInfo|x64.Build.0 = RelWithDebInfo|x64
		{3A9B2255-9F23-33E8-8E13-9271F7F26CC5}.Debug|x64.ActiveCfg = Debug|x64
		{3A9B2255-9F23-33E8-8E13-9271F7F26CC5}.Debug|x64.Build.0 = Debug|x64
		{3A9B2255-9F23-33E8-8E13-9271F7F26CC5}.Release|x64.ActiveCfg = Release|x64
		{3A9B2255-9F23-33E8-8E13-9271F7F26CC5}.Release|x64.Build.0 = Release|x64
		{3A9B2255-9F23-33E8-8E13-9271F7F26CC5}.MinSizeRel|x64.ActiveCfg = MinSizeRel|x64
		{3A9B2255-9F23-33E8-8E13-9271F7F26CC5}.MinSizeRel|x64.Build.0 = MinSizeRel|x64
		{3A9B2255-9F23-33E8-8E13-9271F7F26CC5}.RelWithDebInfo|x64.ActiveCfg = RelWithDebInfo|x64
		{3A9B2255-9F23-33E8-8E13-9271F7F26CC5}.RelWithDebInfo|x64.Build.0 = RelWithDebInfo|x64
		{88EC2691-4932-3F74-BD50-4CA537C7B75F}.Debug|x64.ActiveCfg = Debug|x64
		{88EC2691-4932-3F74-BD50-4CA537C7B75F}.Debug|x64.Build.0 = Debug|x64
		{88EC2691-4932-3F74-BD50-4CA537C7B75F}.Release|x64.ActiveCfg = Release|x64
		{88EC2691-4932-3F74-BD50-4CA537C7B75F}.Release|x64.Build.0 = Release|x64
		{88EC2691-4932-3F74-BD50-4CA537C7B75F}.MinSizeRel|x64.ActiveCfg = MinSizeRel|x64
		{88EC2691-4932-3F74-BD50-4CA537C7B75F}.MinSizeRel|x64.Build.0 = MinSizeRel|x64
		{88EC2691-4932-3F74-BD50-4CA537C7B75F}.RelWithDebInfo|x64.ActiveCfg = RelWithDebInfo|x64
		{88EC2691-4932-3F74-BD50-4CA537C7B75F}.RelWithDebInfo|x64.Build.0 = RelWithDebInfo|x64
		{51713C5E-34F6-3DAC-9E59-CE57C9C9258C}.Debug|x64.ActiveCfg = Debug|x64
		{51713C5E-34F6-3DAC-9E59-CE57C9C9258C}.Debug|x64.Build.0 = Debug|x64
		{51713C5E-34F6-3DAC-9E59-CE57C9C9258C}.Release|x64.ActiveCfg = Release|x64
		{51713C5E-34F6-3DAC-9E59-CE57C9C9258C}.Release|x64.Build.0 = Release|x64
		{51713C5E-34F6-3DAC-9E59-CE57C9C9258C}.MinSizeRel|x64.ActiveCfg = MinSizeRel|x64
		{51713C5E-34F6-3DAC-9E59-CE57C9C9258C}.MinSizeRel|x64.Build.0 = MinSizeRel|x64
		{51713C5E-34F6-3DAC-9E59-CE57C9C9258C}.RelWithDebInfo|x64.ActiveCfg = RelWithDebInfo|x64
		{51713C5E-34F6-3DAC-9E59-CE57C9C9258C}.RelWithDebInfo|x64.Build.0 = RelWithDebInfo|x64
		{71AA94B2-67A6-376B-A7C3-4C53EB0488CD}.Debug|x64.ActiveCfg = Debug|x64
		{71AA94B2-67A6-376B-A7C3-4C53EB0488CD}.Debug|x64.Build.0 = Debug|x64
		{71AA94B2-67A6-376B-A7C3-4C53EB0488CD}.Release|x64.ActiveCfg = Release|x64
		{71AA94B2-67A6-376B-A7C3-4C53EB0488CD}.Release|x64.Build.0 = Release|x64
		{71AA94B2-67A6-376B-A7C3-4C53EB0488CD}.MinSizeRel|x64.ActiveCfg = MinSizeRel|x64
		{71AA94B2-67A6-376B-A7C3-4C53EB0488CD}.MinSizeRel|x64.Build.0 = MinSizeRel|x64
		{71AA94B2-67A6-376B-A7C3-4C53EB0488CD}.RelWithDebInfo|x64.ActiveCfg = RelWithDebInfo|x64
		{71AA94B2-67A6-376B-A7C3-4C53EB0488CD}.RelWithDebInfo|x64.Build.0 = RelWithDebInfo|x64
		{65597813-A9BE-3F3F-B23A-16B617BFA8DD}.Debug|x64.ActiveCfg = Debug|x64
		{65597813-A9BE-3F3F-B23A-16B617BFA8DD}.Debug|x64.Build.0 = Debug|x64
		{65597813-A9BE-3F3F-B23A-16B617BFA8DD}.Release|x64.ActiveCfg = Release|x64
		{65597813-A9BE-3F3F-B23A-16B617BFA8DD}.Release|x64.Build.0 = Release|x64
		{65597813-A9BE-3F3F-B23A-16B617BFA8DD}.MinSizeRel|x64.ActiveCfg = MinSizeRel|x64
		{65597813-A9BE-3F3F-B23A-16B617BFA8DD}.MinSizeRel|x64.Build.0 = MinSizeRel|x64
		{65597813-A9BE-3F3F-B23A-16B617BFA8DD}.RelWithDebInfo|x64.ActiveCfg = RelWithDebInfo|x64
		{65597813-A9BE-3F3F-B23A-16B617BFA8DD}.RelWithDebInfo|x64.Build.0 = RelWithDebInfo|x64
		{92CA1354-BB77-3810-9F7A-535BD3A99DAE}.Debug|x64.ActiveCfg = Debug|x64
		{92CA1354-BB77-3810-9F7A-535BD3A99DAE}.Debug|x64.Build.0 = Debug|x64
		{92CA1354-BB77-3810-9F7A-535BD3A99DAE}.Release|x64.ActiveCfg = Release|x64
		{92CA1354-BB77-3810-9F7A-535BD3A99DAE}.Release|x64.Build.0 = Release|x64
		{92CA1354-BB77-3810-9F7A-535BD3A99DAE}.MinSizeRel|x64.ActiveCfg = MinSizeRel|x64
		{92CA1354-BB77-3810-9F7A-535BD3A99DAE}.MinSizeRel|x64.Build.0 = MinSizeRel|x64
		{92CA1354-BB77-3810-9F7A-535BD3A99DAE}.RelWithDebInfo|x64.ActiveCfg = RelWithDebInfo|x64
		{92CA1354-BB77-3810-9F7A-535BD3A99DAE}.RelWithDebInfo|x64.Build.0 = RelWithDebInfo|x64
		{95C74B41-D095-3ECE-A29E-8C93C0973122}.Debug|x64.ActiveCfg = Debug|x64
		{95C74B41-D095-3ECE-A29E-8C93C0973122}.Debug|x64.Build.0 = Debug|x64
		{95C74B41-D095-3ECE-A29E-8C93C0973122}.Release|x64.ActiveCfg = Release|x64
		{95C74B41-D095-3ECE-A29E-8C93C0973122}.Release|x64.Build.0 = Release|x64
		{95C74B41-D095-3ECE-A29E-8C93C0973122}.MinSizeRel|x64.ActiveCfg = MinSizeRel|x64
		{95C74B41-D095-3ECE-A29E-8C93C0973122}.MinSizeRel|x64.Build.0 = MinSizeRel|x64
		{95C74B41-D095-3ECE-A29E-8C93C0973122}.RelWithDebInfo|x64.ActiveCfg = RelWithDebInfo|x64
		{95C74B41-D095-3ECE-A29E-8C93C0973122}.RelWithDebInfo|x64.Build.0 = RelWithDebInfo|x64
		{179D26B7-91A0-3497-9E6D-5F56BCED0668}.Debug|x64.ActiveCfg = Debug|x64
		{179D26B7-91A0-3497-9E6D-5F56BCED0668}.Debug|x64.Build.0 = Debug|x64
		{179D26B7-91A0-3497-9E6D-5F56BCED0668}.Release|x64.ActiveCfg = Release|x64
		{179D26B7-91A0-3497-9E6D-5F56BCED0668}.Release|x64.Build.0 = Release|x64
		{179D26B7-91A0-3497-9E6D-5F56BCED0668}.MinSizeRel|x64.ActiveCfg = MinSizeRel|x64
		{179D26B7-91A0-3497-9E6D-5F56BCED0668}.MinSizeRel|x64.Build.0 = MinSizeRel|x64
		{179D26B7-91A0-3497-9E6D-5F56BCED0668}.RelWithDebInfo|x64.ActiveCfg = RelWithDebInfo|x64
		{179D26B7-91A0-3497-9E6D-5F56BCED0668}.RelWithDebInfo|x64.Build.0 = RelWithDebInfo|x64
		{E9AEA173-8D73-32E0-AE5A-72CFC1216FF3}.Debug|x64.ActiveCfg = Debug|x64
		{E9AEA173-8D73-32E0-AE5A-72CFC1216FF3}.Debug|x64.Build.0 = Debug|x64
		{E9AEA173-8D73-32E0-AE5A-72CFC1216FF3}.Release|x64.ActiveCfg = Release|x64
		{E9AEA173-8D73-32E0-AE5A-72CFC1216FF3}.Release|x64.Build.0 = Release|x64
		{E9AEA173-8D73-32E0-AE5A-72CFC1216FF3}.MinSizeRel|x64.ActiveCfg = MinSizeRel|x64
		{E9AEA173-8D73-32E0-AE5A-72CFC1216FF3}.MinSizeRel|x64.Build.0 = MinSizeRel|x64
		{E9AEA173-8D73-32E0-AE5A-72CFC1216FF3}.RelWithDebInfo|x64.ActiveCfg = RelWithDebInfo|x64
		{E9AEA173-8D73-32E0-AE5A-72CFC1216FF3}.RelWithDebInfo|x64.Build.0 = RelWithDebInfo|x64
		{F9231913-2865-3AF7-A9F9-55E05320D7BE}.Debug|x64.ActiveCfg = Debug|x64
		{F9231913-2865-3AF7-A9F9-55E05320D7BE}.Debug|x64.Build.0 = Debug|x64
		{F9231913-2865-3AF7-A9F9-55E05320D7BE}.Release|x64.ActiveCfg = Release|x64
		{F9231913-2865-3AF7-A9F9-55E05320D7BE}.Release|x64.Build.0 = Release|x64
		{F9231913-2865-3AF7-A9F9-55E05320D7BE}.MinSizeRel|x64.ActiveCfg = MinSizeRel|x64
		{F9231913-2865-3AF7-A9F9-55E05320D7BE}.MinSizeRel|x64.Build.0 = MinSizeRel|x64
		{F9231913-2865-3AF7-A9F9-55E05320D7BE}.RelWithDebInfo|x64.ActiveCfg = RelWithDebInfo|x64
		{F9231913-2865-3AF7-A9F9-55E05320D7BE}.RelWithDebInfo|x64.Build.0 = RelWithDebInfo|x64
		{35918705-C425-3EF3-9651-61B7ADB195A6}.Debug|x64.ActiveCfg = Debug|x64
		{35918705-C425-3EF3-9651-61B7ADB195A6}.Debug|x64.Build.0 = Debug|x64
		{35918705-C425-3EF3-9651-61B7ADB195A6}.Release|x64.ActiveCfg = Release|x64
		{35918705-C425-3EF3-9651-61B7ADB195A6}.Release|x64.Build.0 = Release|x64
		{35918705-C425-3EF3-9651-61B7ADB195A6}.MinSizeRel|x64.ActiveCfg = MinSizeRel|x64
		{35918705-C425-3EF3-9651-61B7ADB195A6}.MinSizeRel|x64.Build.0 = MinSizeRel|x64
		{35918705-C425-3EF3-9651-61B7ADB195A6}.RelWithDebInfo|x64.ActiveCfg = RelWithDebInfo|x64
		{35918705-C425-3EF3-9651-61B7ADB195A6}.RelWithDebInfo|x64.Build.0 = RelWithDebInfo|x64
		{82681C7E-805B-39C4-84D4-64F992888333}.Debug|x64.ActiveCfg = Debug|x64
		{82681C7E-805B-39C4-84D4-64F992888333}.Debug|x64.Build.0 = Debug|x64
		{82681C7E-805B-39C4-84D4-64F992888333}.Release|x64.ActiveCfg = Release|x64
		{82681C7E-805B-39C4-84D4-64F992888333}.Release|x64.Build.0 = Release|x64
		{82681C7E-805B-39C4-84D4-64F992888333}.MinSizeRel|x64.ActiveCfg = MinSizeRel|x64
		{82681C7E-805B-39C4-84D4-64F992888333}.MinSizeRel|x64.Build.0 = MinSizeRel|x64
		{82681C7E-805B-39C4-84D4-64F992888333}.RelWithDebInfo|x64.ActiveCfg = RelWithDebInfo|x64
		{82681C7E-805B-39C4-84D4-64F992888333}.RelWithDebInfo|x64.Build.0 = RelWithDebInfo|x64
		{6EABBB4F-7533-378C-8E27-42B9169F0CE8}.Debug|x64.ActiveCfg = Debug|x64
		{6EABBB4F-7533-378C-8E27-42B9169F0CE8}.Debug|x64.Build.0 = Debug|x64
		{6EABBB4F-7533-378C-8E27-42B9169F0CE8}.Release|x64.ActiveCfg = Release|x64
		{6EABBB4F-7533-378C-8E27-42B9169F0CE8}.Release|x64.Build.0 = Release|x64
		{6EABBB4F-7533-378C-8E27-42B9169F0CE8}.MinSizeRel|x64.ActiveCfg = MinSizeRel|x64
		{6EABBB4F-7533-378C-8E27-42B9169F0CE8}.MinSizeRel|x64.Build.0 = MinSizeRel|x64
		{6EABBB4F-7533-378C-8E27-42B9169F0CE8}.RelWithDebInfo|x64.ActiveCfg = RelWithDebInfo|x64
		{6EABBB4F-7533-378C-8E27-42B9169F0CE8}.RelWithDebInfo|x64.Build.0 = RelWithDebInfo|x64
		{C3F8830A-94F6-31EF-94AB-FC78E4AD4B9A}.Debug|x64.ActiveCfg = Debug|x64
		{C3F8830A-94F6-31EF-94AB-FC78E4AD4B9A}.Debug|x64.Build.0 = Debug|x64
		{C3F8830A-94F6-31EF-94AB-FC78E4AD4B9A}.Release|x64.ActiveCfg = Release|x64
		{C3F8830A-94F6-31EF-94AB-FC78E4AD4B9A}.Release|x64.Build.0 = Release|x64
		{C3F8830A-94F6-31EF-94AB-FC78E4AD4B9A}.MinSizeRel|x64.ActiveCfg = MinSizeRel|x64
		{C3F8830A-94F6-31EF-94AB-FC78E4AD4B9A}.MinSizeRel|x64.Build.0 = MinSizeRel|x64
		{C3F8830A-94F6-31EF-94AB-FC78E4AD4B9A}.RelWithDebInfo|x64.ActiveCfg = RelWithDebInfo|x64
		{C3F8830A-94F6-31EF-94AB-FC78E4AD4B9A}.RelWithDebInfo|x64.Build.0 = RelWithDebInfo|x64
		{A32C03A7-E0E1-395B-8036-2AA9E8F4828F}.Debug|x64.ActiveCfg = Debug|x64
		{A32C03A7-E0E1-395B-8036-2AA9E8F4828F}.Debug|x64.Build.0 = Debug|x64
		{A32C03A7-E0E1-395B-8036-2AA9E8F4828F}.Release|x64.ActiveCfg = Release|x64
		{A32C03A7-E0E1-395B-8036-2AA9E8F4828F}.Release|x64.Build.0 = Release|x64
		{A32C03A7-E0E1-395B-8036-2AA9E8F4828F}.MinSizeRel|x64.ActiveCfg = MinSizeRel|x64
		{A32C03A7-E0E1-395B-8036-2AA9E8F4828F}.MinSizeRel|x64.Build.0 = MinSizeRel|x64
		{A32C03A7-E0E1-395B-8036-2AA9E8F4828F}.RelWithDebInfo|x64.ActiveCfg = RelWithDebInfo|x64
		{A32C03A7-E0E1-395B-8036-2AA9E8F4828F}.RelWithDebInfo|x64.Build.0 = RelWithDebInfo|x64
		{B8F5665A-E291-316B-899B-E589389AFBE8}.Debug|x64.ActiveCfg = Debug|x64
		{B8F5665A-E291-316B-899B-E589389AFBE8}.Debug|x64.Build.0 = Debug|x64
		{B8F5665A-E291-316B-899B-E589389AFBE8}.Release|x64.ActiveCfg = Release|x64
		{B8F5665A-E291-316B-899B-E589389AFBE8}.Release|x64.Build.0 = Release|x64
		{B8F5665A-E291-316B-899B-E589389AFBE8}.MinSizeRel|x64.ActiveCfg = MinSizeRel|x64
		{B8F5665A-E291-316B-899B-E589389AFBE8}.MinSizeRel|x64.Build.0 = MinSizeRel|x64
		{B8F5665A-E291-316B-899B-E589389AFBE8}.RelWithDebInfo|x64.ActiveCfg = RelWithDebInfo|x64
		{B8F5665A-E291-316B-899B-E589389AFBE8}.RelWithDebInfo|x64.Build.0 = RelWithDebInfo|x64
		{DFBFB2F7-1202-3EE4-AF1F-07601C0D15CC}.Debug|x64.ActiveCfg = Debug|x64
		{DFBFB2F7-1202-3EE4-AF1F-07601C0D15CC}.Debug|x64.Build.0 = Debug|x64
		{DFBFB2F7-1202-3EE4-AF1F-07601C0D15CC}.Release|x64.ActiveCfg = Release|x64
		{DFBFB2F7-1202-3EE4-AF1F-07601C0D15CC}.Release|x64.Build.0 = Release|x64
		{DFBFB2F7-1202-3EE4-AF1F-07601C0D15CC}.MinSizeRel|x64.ActiveCfg = MinSizeRel|x64
		{DFBFB2F7-1202-3EE4-AF1F-07601C0D15CC}.MinSizeRel|x64.Build.0 = MinSizeRel|x64
		{DFBFB2F7-1202-3EE4-AF1F-07601C0D15CC}.RelWithDebInfo|x64.ActiveCfg = RelWithDebInfo|x64
		{DFBFB2F7-1202-3EE4-AF1F-07601C0D15CC}.RelWithDebInfo|x64.Build.0 = RelWithDebInfo|x64
		{F5E761EA-A1EE-3230-A3BD-BAC13CFE84F7}.Debug|x64.ActiveCfg = Debug|x64
		{F5E761EA-A1EE-3230-A3BD-BAC13CFE84F7}.Debug|x64.Build.0 = Debug|x64
		{F5E761EA-A1EE-3230-A3BD-BAC13CFE84F7}.Release|x64.ActiveCfg = Release|x64
		{F5E761EA-A1EE-3230-A3BD-BAC13CFE84F7}.Release|x64.Build.0 = Release|x64
		{F5E761EA-A1EE-3230-A3BD-BAC13CFE84F7}.MinSizeRel|x64.ActiveCfg = MinSizeRel|x64
		{F5E761EA-A1EE-3230-A3BD-BAC13CFE84F7}.MinSizeRel|x64.Build.0 = MinSizeRel|x64
		{F5E761EA-A1EE-3230-A3BD-BAC13CFE84F7}.RelWithDebInfo|x64.ActiveCfg = RelWithDebInfo|x64
		{F5E761EA-A1EE-3230-A3BD-BAC13CFE84F7}.RelWithDebInfo|x64.Build.0 = RelWithDebInfo|x64
		{CB3D603C-2195-3C9B-BF9E-2E3C2AA35F34}.Debug|x64.ActiveCfg = Debug|x64
		{CB3D603C-2195-3C9B-BF9E-2E3C2AA35F34}.Debug|x64.Build.0 = Debug|x64
		{CB3D603C-2195-3C9B-BF9E-2E3C2AA35F34}.Release|x64.ActiveCfg = Release|x64
		{CB3D603C-2195-3C9B-BF9E-2E3C2AA35F34}.Release|x64.Build.0 = Release|x64
		{CB3D603C-2195-3C9B-BF9E-2E3C2AA35F34}.MinSizeRel|x64.ActiveCfg = MinSizeRel|x64
		{CB3D603C-2195-3C9B-BF9E-2E3C2AA35F34}.MinSizeRel|x64.Build.0 = MinSizeRel|x64
		{CB3D603C-2195-3C9B-BF9E-2E3C2AA35F34}.RelWithDebInfo|x64.ActiveCfg = RelWithDebInfo|x64
		{CB3D603C-2195-3C9B-BF9E-2E3C2AA35F34}.RelWithDebInfo|x64.Build.0 = RelWithDebInfo|x64
		{0F759737-A86D-3129-8A41-C5609A812FC4}.Debug|x64.ActiveCfg = Debug|x64
		{0F759737-A86D-3129-8A41-C5609A812FC4}.Debug|x64.Build.0 = Debug|x64
		{0F759737-A86D-3129-8A41-C5609A812FC4}.Release|x64.ActiveCfg = Release|x64
		{0F759737-A86D-3129-8A41-C5609A812FC4}.Release|x64.Build.0 = Release|x64
		{0F759737-A86D-3129-8A41-C5609A812FC4}.MinSizeRel|x64.ActiveCfg = MinSizeRel|x64
		{0F759737-A86D-3129-8A41-C5609A812FC4}.MinSizeRel|x64.Build.0 = MinSizeRel|x64
		{0F759737-A86D-3129-8A41-C5609A812FC4}.RelWithDebInfo|x64.ActiveCfg = RelWithDebInfo|x64
		{0F759737-A86D-3129-8A41-C5609A812FC4}.RelWithDebInfo|x64.Build.0 = RelWithDebInfo|x64
		{D369D216-B836-382A-9641-29379B0485AC}.Debug|x64.ActiveCfg = Debug|x64
		{D369D216-B836-382A-9641-29379B0485AC}.Debug|x64.Build.0 = Debug|x64
		{D369D216-B836-382A-9641-29379B0485AC}.Release|x64.ActiveCfg = Release|x64
		{D369D216-B836-382A-9641-29379B0485AC}.Release|x64.Build.0 = Release|x64
		{D369D216-B836-382A-9641-29379B0485AC}.MinSizeRel|x64.ActiveCfg = MinSizeRel|x64
		{D369D216-B836-382A-9641-29379B0485AC}.MinSizeRel|x64.Build.0 = MinSizeRel|x64
		{D369D216-B836-382A-9641-29379B0485AC}.RelWithDebInfo|x64.ActiveCfg = RelWithDebInfo|x64
		{D369D216-B836-382A-9641-29379B0485AC}.RelWithDebInfo|x64.Build.0 = RelWithDebInfo|x64
		{91EE1914-D33C-37C4-927E-182079ABC642}.Debug|x64.ActiveCfg = Debug|x64
		{91EE1914-D33C-37C4-927E-182079ABC642}.Debug|x64.Build.0 = Debug|x64
		{91EE1914-D33C-37C4-927E-182079ABC642}.Release|x64.ActiveCfg = Release|x64
		{91EE1914-D33C-37C4-927E-182079ABC642}.Release|x64.Build.0 = Release|x64
		{91EE1914-D33C-37C4-927E-182079ABC642}.MinSizeRel|x64.ActiveCfg = MinSizeRel|x64
		{91EE1914-D33C-37C4-927E-182079ABC642}.MinSizeRel|x64.Build.0 = MinSizeRel|x64
		{91EE1914-D33C-37C4-927E-182079ABC642}.RelWithDebInfo|x64.ActiveCfg = RelWithDebInfo|x64
		{91EE1914-D33C-37C4-927E-182079ABC642}.RelWithDebInfo|x64.Build.0 = RelWithDebInfo|x64
		{0AEC5773-98D6-342E-9B52-CB8A17D006CB}.Debug|x64.ActiveCfg = Debug|x64
		{0AEC5773-98D6-342E-9B52-CB8A17D006CB}.Debug|x64.Build.0 = Debug|x64
		{0AEC5773-98D6-342E-9B52-CB8A17D006CB}.Release|x64.ActiveCfg = Release|x64
		{0AEC5773-98D6-342E-9B52-CB8A17D006CB}.Release|x64.Build.0 = Release|x64
		{0AEC5773-98D6-342E-9B52-CB8A17D006CB}.MinSizeRel|x64.ActiveCfg = MinSizeRel|x64
		{0AEC5773-98D6-342E-9B52-CB8A17D006CB}.MinSizeRel|x64.Build.0 = MinSizeRel|x64
		{0AEC5773-98D6-342E-9B52-CB8A17D006CB}.RelWithDebInfo|x64.ActiveCfg = RelWithDebInfo|x64
		{0AEC5773-98D6-342E-9B52-CB8A17D006CB}.RelWithDebInfo|x64.Build.0 = RelWithDebInfo|x64
		{8F6B6E3E-8D41-302F-AE06-FD2109FF2F4B}.Debug|x64.ActiveCfg = Debug|x64
		{8F6B6E3E-8D41-302F-AE06-FD2109FF2F4B}.Debug|x64.Build.0 = Debug|x64
		{8F6B6E3E-8D41-302F-AE06-FD2109FF2F4B}.Release|x64.ActiveCfg = Release|x64
		{8F6B6E3E-8D41-302F-AE06-FD2109FF2F4B}.Release|x64.Build.0 = Release|x64
		{8F6B6E3E-8D41-302F-AE06-FD2109FF2F4B}.MinSizeRel|x64.ActiveCfg = MinSizeRel|x64
		{8F6B6E3E-8D41-302F-AE06-FD2109FF2F4B}.MinSizeRel|x64.Build.0 = MinSizeRel|x64
		{8F6B6E3E-8D41-302F-AE06-FD2109FF2F4B}.RelWithDebInfo|x64.ActiveCfg = RelWithDebInfo|x64
		{8F6B6E3E-8D41-302F-AE06-FD2109FF2F4B}.RelWithDebInfo|x64.Build.0 = RelWithDebInfo|x64
		{1B434E26-B086-3D19-91D1-2F1465D60D46}.Debug|x64.ActiveCfg = Debug|x64
		{1B434E26-B086-3D19-91D1-2F1465D60D46}.Debug|x64.Build.0 = Debug|x64
		{1B434E26-B086-3D19-91D1-2F1465D60D46}.Release|x64.ActiveCfg = Release|x64
		{1B434E26-B086-3D19-91D1-2F1465D60D46}.Release|x64.Build.0 = Release|x64
		{1B434E26-B086-3D19-91D1-2F1465D60D46}.MinSizeRel|x64.ActiveCfg = MinSizeRel|x64
		{1B434E26-B086-3D19-91D1-2F1465D60D46}.MinSizeRel|x64.Build.0 = MinSizeRel|x64
		{1B434E26-B086-3D19-91D1-2F1465D60D46}.RelWithDebInfo|x64.ActiveCfg = RelWithDebInfo|x64
		{1B434E26-B086-3D19-91D1-2F1465D60D46}.RelWithDebInfo|x64.Build.0 = RelWithDebInfo|x64
		{1832C854-E0B4-3782-BAA4-21F7446E012E}.Debug|x64.ActiveCfg = Debug|x64
		{1832C854-E0B4-3782-BAA4-21F7446E012E}.Debug|x64.Build.0 = Debug|x64
		{1832C854-E0B4-3782-BAA4-21F7446E012E}.Release|x64.ActiveCfg = Release|x64
		{1832C854-E0B4-3782-BAA4-21F7446E012E}.Release|x64.Build.0 = Release|x64
		{1832C854-E0B4-3782-BAA4-21F7446E012E}.MinSizeRel|x64.ActiveCfg = MinSizeRel|x64
		{1832C854-E0B4-3782-BAA4-21F7446E012E}.MinSizeRel|x64.Build.0 = MinSizeRel|x64
		{1832C854-E0B4-3782-BAA4-21F7446E012E}.RelWithDebInfo|x64.ActiveCfg = RelWithDebInfo|x64
		{1832C854-E0B4-3782-BAA4-21F7446E012E}.RelWithDebInfo|x64.Build.0 = RelWithDebInfo|x64
		{B4707324-C9B2-327D-8C40-F1246B0152B4}.Debug|x64.ActiveCfg = Debug|x64
		{B4707324-C9B2-327D-8C40-F1246B0152B4}.Debug|x64.Build.0 = Debug|x64
		{B4707324-C9B2-327D-8C40-F1246B0152B4}.Release|x64.ActiveCfg = Release|x64
		{B4707324-C9B2-327D-8C40-F1246B0152B4}.Release|x64.Build.0 = Release|x64
		{B4707324-C9B2-327D-8C40-F1246B0152B4}.MinSizeRel|x64.ActiveCfg = MinSizeRel|x64
		{B4707324-C9B2-327D-8C40-F1246B0152B4}.MinSizeRel|x64.Build.0 = MinSizeRel|x64
		{B4707324-C9B2-327D-8C40-F1246B0152B4}.RelWithDebInfo|x64.ActiveCfg = RelWithDebInfo|x64
		{B4707324-C9B2-327D-8C40-F1246B0152B4}.RelWithDebInfo|x64.Build.0 = RelWithDebInfo|x64
		{18BA6027-88F2-3B5D-9904-6330FFB96E02}.Debug|x64.ActiveCfg = Debug|x64
		{18BA6027-88F2-3B5D-9904-6330FFB96E02}.Debug|x64.Build.0 = Debug|x64
		{18BA6027-88F2-3B5D-9904-6330FFB96E02}.Release|x64.ActiveCfg = Release|x64
		{18BA6027-88F2-3B5D-9904-6330FFB96E02}.Release|x64.Build.0 = Release|x64
		{18BA6027-88F2-3B5D-9904-6330FFB96E02}.MinSizeRel|x64.ActiveCfg = MinSizeRel|x64
		{18BA6027-88F2-3B5D-9904-6330FFB96E02}.MinSizeRel|x64.Build.0 = MinSizeRel|x64
		{18BA6027-88F2-3B5D-9904-6330FFB96E02}.RelWithDebInfo|x64.ActiveCfg = RelWithDebInfo|x64
		{18BA6027-88F2-3B5D-9904-6330FFB96E02}.RelWithDebInfo|x64.Build.0 = RelWithDebInfo|x64
		{8713F307-53D3-3286-9FC8-BF3BC12DF7F3}.Debug|x64.ActiveCfg = Debug|x64
		{8713F307-53D3-3286-9FC8-BF3BC12DF7F3}.Debug|x64.Build.0 = Debug|x64
		{8713F307-53D3-3286-9FC8-BF3BC12DF7F3}.Release|x64.ActiveCfg = Release|x64
		{8713F307-53D3-3286-9FC8-BF3BC12DF7F3}.Release|x64.Build.0 = Release|x64
		{8713F307-53D3-3286-9FC8-BF3BC12DF7F3}.MinSizeRel|x64.ActiveCfg = MinSizeRel|x64
		{8713F307-53D3-3286-9FC8-BF3BC12DF7F3}.MinSizeRel|x64.Build.0 = MinSizeRel|x64
		{8713F307-53D3-3286-9FC8-BF3BC12DF7F3}.RelWithDebInfo|x64.ActiveCfg = RelWithDebInfo|x64
		{8713F307-53D3-3286-9FC8-BF3BC12DF7F3}.RelWithDebInfo|x64.Build.0 = RelWithDebInfo|x64
	EndGlobalSection
	GlobalSection(ExtensibilityGlobals) = postSolution
		SolutionGuid = {6C1A557C-5ACB-3183-B0DC-74C44402DFB9}
	EndGlobalSection
	GlobalSection(ExtensibilityAddIns) = postSolution
	EndGlobalSection
EndGlobal
